// !$*UTF8*$!
{
	archiveVersion = 1;
	classes = {
	};
	objectVersion = 56;
	objects = {

/* Begin PBXBuildFile section */
		8160A7AA2B87EC0300418E20 /* Taxi_ArifApp.swift in Sources */ = {isa = PBXBuildFile; fileRef = 8160A7A92B87EC0300418E20 /* Taxi_ArifApp.swift */; };
		8160A7AC2B87EC0300418E20 /* ContentView.swift in Sources */ = {isa = PBXBuildFile; fileRef = 8160A7AB2B87EC0300418E20 /* ContentView.swift */; };
		8160A7AE2B87EC0500418E20 /* Assets.xcassets in Resources */ = {isa = PBXBuildFile; fileRef = 8160A7AD2B87EC0500418E20 /* Assets.xcassets */; };
		8160A7B12B87EC0500418E20 /* Preview Assets.xcassets in Resources */ = {isa = PBXBuildFile; fileRef = 8160A7B02B87EC0500418E20 /* Preview Assets.xcassets */; };
		8160A7BB2B87EC0500418E20 /* Taxi_ArifTests.swift in Sources */ = {isa = PBXBuildFile; fileRef = 8160A7BA2B87EC0500418E20 /* Taxi_ArifTests.swift */; };
		8160A7C52B87EC0500418E20 /* Taxi_ArifUITests.swift in Sources */ = {isa = PBXBuildFile; fileRef = 8160A7C42B87EC0500418E20 /* Taxi_ArifUITests.swift */; };
		8160A7C72B87EC0500418E20 /* Taxi_ArifUITestsLaunchTests.swift in Sources */ = {isa = PBXBuildFile; fileRef = 8160A7C62B87EC0500418E20 /* Taxi_ArifUITestsLaunchTests.swift */; };
		8160A7D52B87EC4600418E20 /* CallTaxiView.swift in Sources */ = {isa = PBXBuildFile; fileRef = 8160A7D42B87EC4600418E20 /* CallTaxiView.swift */; };
		8160A7D72B87FA1A00418E20 /* CallTaxiDetailView.swift in Sources */ = {isa = PBXBuildFile; fileRef = 8160A7D62B87FA1A00418E20 /* CallTaxiDetailView.swift */; };
		8160A7DA2B87FC9E00418E20 /* PickerView.swift in Sources */ = {isa = PBXBuildFile; fileRef = 8160A7D92B87FC9E00418E20 /* PickerView.swift */; };
		816F94432B894B5200F231E9 /* MainViewbutton.swift in Sources */ = {isa = PBXBuildFile; fileRef = 816F94422B894B5200F231E9 /* MainViewbutton.swift */; };
		816F94452B894FAD00F231E9 /* ServiceRowView.swift in Sources */ = {isa = PBXBuildFile; fileRef = 816F94442B894FAD00F231E9 /* ServiceRowView.swift */; };
		816F94472B895B6E00F231E9 /* HeaderCallTaxiView.swift in Sources */ = {isa = PBXBuildFile; fileRef = 816F94462B895B6E00F231E9 /* HeaderCallTaxiView.swift */; };
		816F94492B895BC600F231E9 /* SettingsCallTaxiView.swift in Sources */ = {isa = PBXBuildFile; fileRef = 816F94482B895BC600F231E9 /* SettingsCallTaxiView.swift */; };
		816F944B2B895E1D00F231E9 /* CallTaxiViewModel.swift in Sources */ = {isa = PBXBuildFile; fileRef = 816F944A2B895E1D00F231E9 /* CallTaxiViewModel.swift */; };
/* End PBXBuildFile section */

/* Begin PBXContainerItemProxy section */
		8160A7B72B87EC0500418E20 /* PBXContainerItemProxy */ = {
			isa = PBXContainerItemProxy;
			containerPortal = 8160A79E2B87EC0300418E20 /* Project object */;
			proxyType = 1;
			remoteGlobalIDString = 8160A7A52B87EC0300418E20;
			remoteInfo = "Taxi Arif";
		};
		8160A7C12B87EC0500418E20 /* PBXContainerItemProxy */ = {
			isa = PBXContainerItemProxy;
			containerPortal = 8160A79E2B87EC0300418E20 /* Project object */;
			proxyType = 1;
			remoteGlobalIDString = 8160A7A52B87EC0300418E20;
			remoteInfo = "Taxi Arif";
		};
/* End PBXContainerItemProxy section */

/* Begin PBXFileReference section */
		8160A7A62B87EC0300418E20 /* Taxi Arif.app */ = {isa = PBXFileReference; explicitFileType = wrapper.application; includeInIndex = 0; path = "Taxi Arif.app"; sourceTree = BUILT_PRODUCTS_DIR; };
		8160A7A92B87EC0300418E20 /* Taxi_ArifApp.swift */ = {isa = PBXFileReference; lastKnownFileType = sourcecode.swift; path = Taxi_ArifApp.swift; sourceTree = "<group>"; };
		8160A7AB2B87EC0300418E20 /* ContentView.swift */ = {isa = PBXFileReference; lastKnownFileType = sourcecode.swift; path = ContentView.swift; sourceTree = "<group>"; };
		8160A7AD2B87EC0500418E20 /* Assets.xcassets */ = {isa = PBXFileReference; lastKnownFileType = folder.assetcatalog; path = Assets.xcassets; sourceTree = "<group>"; };
		8160A7B02B87EC0500418E20 /* Preview Assets.xcassets */ = {isa = PBXFileReference; lastKnownFileType = folder.assetcatalog; path = "Preview Assets.xcassets"; sourceTree = "<group>"; };
		8160A7B62B87EC0500418E20 /* Taxi ArifTests.xctest */ = {isa = PBXFileReference; explicitFileType = wrapper.cfbundle; includeInIndex = 0; path = "Taxi ArifTests.xctest"; sourceTree = BUILT_PRODUCTS_DIR; };
		8160A7BA2B87EC0500418E20 /* Taxi_ArifTests.swift */ = {isa = PBXFileReference; lastKnownFileType = sourcecode.swift; path = Taxi_ArifTests.swift; sourceTree = "<group>"; };
		8160A7C02B87EC0500418E20 /* Taxi ArifUITests.xctest */ = {isa = PBXFileReference; explicitFileType = wrapper.cfbundle; includeInIndex = 0; path = "Taxi ArifUITests.xctest"; sourceTree = BUILT_PRODUCTS_DIR; };
		8160A7C42B87EC0500418E20 /* Taxi_ArifUITests.swift */ = {isa = PBXFileReference; lastKnownFileType = sourcecode.swift; path = Taxi_ArifUITests.swift; sourceTree = "<group>"; };
		8160A7C62B87EC0500418E20 /* Taxi_ArifUITestsLaunchTests.swift */ = {isa = PBXFileReference; lastKnownFileType = sourcecode.swift; path = Taxi_ArifUITestsLaunchTests.swift; sourceTree = "<group>"; };
		8160A7D42B87EC4600418E20 /* CallTaxiView.swift */ = {isa = PBXFileReference; lastKnownFileType = sourcecode.swift; path = CallTaxiView.swift; sourceTree = "<group>"; };
		8160A7D62B87FA1A00418E20 /* CallTaxiDetailView.swift */ = {isa = PBXFileReference; lastKnownFileType = sourcecode.swift; path = CallTaxiDetailView.swift; sourceTree = "<group>"; };
		8160A7D92B87FC9E00418E20 /* PickerView.swift */ = {isa = PBXFileReference; lastKnownFileType = sourcecode.swift; path = PickerView.swift; sourceTree = "<group>"; };
		816F94422B894B5200F231E9 /* MainViewbutton.swift */ = {isa = PBXFileReference; lastKnownFileType = sourcecode.swift; path = MainViewbutton.swift; sourceTree = "<group>"; };
		816F94442B894FAD00F231E9 /* ServiceRowView.swift */ = {isa = PBXFileReference; lastKnownFileType = sourcecode.swift; path = ServiceRowView.swift; sourceTree = "<group>"; };
		816F94462B895B6E00F231E9 /* HeaderCallTaxiView.swift */ = {isa = PBXFileReference; lastKnownFileType = sourcecode.swift; path = HeaderCallTaxiView.swift; sourceTree = "<group>"; };
		816F94482B895BC600F231E9 /* SettingsCallTaxiView.swift */ = {isa = PBXFileReference; lastKnownFileType = sourcecode.swift; path = SettingsCallTaxiView.swift; sourceTree = "<group>"; };
		816F944A2B895E1D00F231E9 /* CallTaxiViewModel.swift */ = {isa = PBXFileReference; lastKnownFileType = sourcecode.swift; path = CallTaxiViewModel.swift; sourceTree = "<group>"; };
/* End PBXFileReference section */

/* Begin PBXFrameworksBuildPhase section */
		8160A7A32B87EC0300418E20 /* Frameworks */ = {
			isa = PBXFrameworksBuildPhase;
			buildActionMask = 2147483647;
			files = (
			);
			runOnlyForDeploymentPostprocessing = 0;
		};
		8160A7B32B87EC0500418E20 /* Frameworks */ = {
			isa = PBXFrameworksBuildPhase;
			buildActionMask = 2147483647;
			files = (
			);
			runOnlyForDeploymentPostprocessing = 0;
		};
		8160A7BD2B87EC0500418E20 /* Frameworks */ = {
			isa = PBXFrameworksBuildPhase;
			buildActionMask = 2147483647;
			files = (
			);
			runOnlyForDeploymentPostprocessing = 0;
		};
/* End PBXFrameworksBuildPhase section */

/* Begin PBXGroup section */
		8160A79D2B87EC0300418E20 = {
			isa = PBXGroup;
			children = (
				8160A7A82B87EC0300418E20 /* Taxi Arif */,
				8160A7B92B87EC0500418E20 /* Taxi ArifTests */,
				8160A7C32B87EC0500418E20 /* Taxi ArifUITests */,
				8160A7A72B87EC0300418E20 /* Products */,
			);
			sourceTree = "<group>";
		};
		8160A7A72B87EC0300418E20 /* Products */ = {
			isa = PBXGroup;
			children = (
				8160A7A62B87EC0300418E20 /* Taxi Arif.app */,
				8160A7B62B87EC0500418E20 /* Taxi ArifTests.xctest */,
				8160A7C02B87EC0500418E20 /* Taxi ArifUITests.xctest */,
			);
			name = Products;
			sourceTree = "<group>";
		};
		8160A7A82B87EC0300418E20 /* Taxi Arif */ = {
			isa = PBXGroup;
			children = (
				8160A7D82B87FC6C00418E20 /* Utils */,
				8160A7D32B87EC1F00418E20 /* HomeView */,
				8160A7A92B87EC0300418E20 /* Taxi_ArifApp.swift */,
				8160A7AB2B87EC0300418E20 /* ContentView.swift */,
				8160A7AD2B87EC0500418E20 /* Assets.xcassets */,
				8160A7AF2B87EC0500418E20 /* Preview Content */,
			);
			path = "Taxi Arif";
			sourceTree = "<group>";
		};
		8160A7AF2B87EC0500418E20 /* Preview Content */ = {
			isa = PBXGroup;
			children = (
				8160A7B02B87EC0500418E20 /* Preview Assets.xcassets */,
			);
			path = "Preview Content";
			sourceTree = "<group>";
		};
		8160A7B92B87EC0500418E20 /* Taxi ArifTests */ = {
			isa = PBXGroup;
			children = (
				8160A7BA2B87EC0500418E20 /* Taxi_ArifTests.swift */,
			);
			path = "Taxi ArifTests";
			sourceTree = "<group>";
		};
		8160A7C32B87EC0500418E20 /* Taxi ArifUITests */ = {
			isa = PBXGroup;
			children = (
				8160A7C42B87EC0500418E20 /* Taxi_ArifUITests.swift */,
				8160A7C62B87EC0500418E20 /* Taxi_ArifUITestsLaunchTests.swift */,
			);
			path = "Taxi ArifUITests";
			sourceTree = "<group>";
		};
		8160A7D32B87EC1F00418E20 /* HomeView */ = {
			isa = PBXGroup;
			children = (
				8160A7D42B87EC4600418E20 /* CallTaxiView.swift */,
				8160A7D62B87FA1A00418E20 /* CallTaxiDetailView.swift */,
				816F94442B894FAD00F231E9 /* ServiceRowView.swift */,
				816F94462B895B6E00F231E9 /* HeaderCallTaxiView.swift */,
				816F94482B895BC600F231E9 /* SettingsCallTaxiView.swift */,
				816F944A2B895E1D00F231E9 /* CallTaxiViewModel.swift */,
			);
			path = HomeView;
			sourceTree = "<group>";
		};
		8160A7D82B87FC6C00418E20 /* Utils */ = {
			isa = PBXGroup;
			children = (
				8160A7D92B87FC9E00418E20 /* PickerView.swift */,
				816F94422B894B5200F231E9 /* MainViewbutton.swift */,
			);
			path = Utils;
			sourceTree = "<group>";
		};
/* End PBXGroup section */

/* Begin PBXNativeTarget section */
		8160A7A52B87EC0300418E20 /* Taxi Arif */ = {
			isa = PBXNativeTarget;
			buildConfigurationList = 8160A7CA2B87EC0500418E20 /* Build configuration list for PBXNativeTarget "Taxi Arif" */;
			buildPhases = (
				8160A7A22B87EC0300418E20 /* Sources */,
				8160A7A32B87EC0300418E20 /* Frameworks */,
				8160A7A42B87EC0300418E20 /* Resources */,
			);
			buildRules = (
			);
			dependencies = (
			);
			name = "Taxi Arif";
			productName = "Taxi Arif";
			productReference = 8160A7A62B87EC0300418E20 /* Taxi Arif.app */;
			productType = "com.apple.product-type.application";
		};
		8160A7B52B87EC0500418E20 /* Taxi ArifTests */ = {
			isa = PBXNativeTarget;
			buildConfigurationList = 8160A7CD2B87EC0500418E20 /* Build configuration list for PBXNativeTarget "Taxi ArifTests" */;
			buildPhases = (
				8160A7B22B87EC0500418E20 /* Sources */,
				8160A7B32B87EC0500418E20 /* Frameworks */,
				8160A7B42B87EC0500418E20 /* Resources */,
			);
			buildRules = (
			);
			dependencies = (
				8160A7B82B87EC0500418E20 /* PBXTargetDependency */,
			);
			name = "Taxi ArifTests";
			productName = "Taxi ArifTests";
			productReference = 8160A7B62B87EC0500418E20 /* Taxi ArifTests.xctest */;
			productType = "com.apple.product-type.bundle.unit-test";
		};
		8160A7BF2B87EC0500418E20 /* Taxi ArifUITests */ = {
			isa = PBXNativeTarget;
			buildConfigurationList = 8160A7D02B87EC0500418E20 /* Build configuration list for PBXNativeTarget "Taxi ArifUITests" */;
			buildPhases = (
				8160A7BC2B87EC0500418E20 /* Sources */,
				8160A7BD2B87EC0500418E20 /* Frameworks */,
				8160A7BE2B87EC0500418E20 /* Resources */,
			);
			buildRules = (
			);
			dependencies = (
				8160A7C22B87EC0500418E20 /* PBXTargetDependency */,
			);
			name = "Taxi ArifUITests";
			productName = "Taxi ArifUITests";
			productReference = 8160A7C02B87EC0500418E20 /* Taxi ArifUITests.xctest */;
			productType = "com.apple.product-type.bundle.ui-testing";
		};
/* End PBXNativeTarget section */

/* Begin PBXProject section */
		8160A79E2B87EC0300418E20 /* Project object */ = {
			isa = PBXProject;
			attributes = {
				BuildIndependentTargetsInParallel = 1;
				LastSwiftUpdateCheck = 1520;
				LastUpgradeCheck = 1520;
				TargetAttributes = {
					8160A7A52B87EC0300418E20 = {
						CreatedOnToolsVersion = 15.2;
					};
					8160A7B52B87EC0500418E20 = {
						CreatedOnToolsVersion = 15.2;
						TestTargetID = 8160A7A52B87EC0300418E20;
					};
					8160A7BF2B87EC0500418E20 = {
						CreatedOnToolsVersion = 15.2;
						TestTargetID = 8160A7A52B87EC0300418E20;
					};
				};
			};
			buildConfigurationList = 8160A7A12B87EC0300418E20 /* Build configuration list for PBXProject "Taxi Arif" */;
			compatibilityVersion = "Xcode 14.0";
			developmentRegion = en;
			hasScannedForEncodings = 0;
			knownRegions = (
				en,
				Base,
			);
			mainGroup = 8160A79D2B87EC0300418E20;
			productRefGroup = 8160A7A72B87EC0300418E20 /* Products */;
			projectDirPath = "";
			projectRoot = "";
			targets = (
				8160A7A52B87EC0300418E20 /* Taxi Arif */,
				8160A7B52B87EC0500418E20 /* Taxi ArifTests */,
				8160A7BF2B87EC0500418E20 /* Taxi ArifUITests */,
			);
		};
/* End PBXProject section */

/* Begin PBXResourcesBuildPhase section */
		8160A7A42B87EC0300418E20 /* Resources */ = {
			isa = PBXResourcesBuildPhase;
			buildActionMask = 2147483647;
			files = (
				8160A7B12B87EC0500418E20 /* Preview Assets.xcassets in Resources */,
				8160A7AE2B87EC0500418E20 /* Assets.xcassets in Resources */,
			);
			runOnlyForDeploymentPostprocessing = 0;
		};
		8160A7B42B87EC0500418E20 /* Resources */ = {
			isa = PBXResourcesBuildPhase;
			buildActionMask = 2147483647;
			files = (
			);
			runOnlyForDeploymentPostprocessing = 0;
		};
		8160A7BE2B87EC0500418E20 /* Resources */ = {
			isa = PBXResourcesBuildPhase;
			buildActionMask = 2147483647;
			files = (
			);
			runOnlyForDeploymentPostprocessing = 0;
		};
/* End PBXResourcesBuildPhase section */

/* Begin PBXSourcesBuildPhase section */
		8160A7A22B87EC0300418E20 /* Sources */ = {
			isa = PBXSourcesBuildPhase;
			buildActionMask = 2147483647;
			files = (
				8160A7D52B87EC4600418E20 /* CallTaxiView.swift in Sources */,
				816F94492B895BC600F231E9 /* SettingsCallTaxiView.swift in Sources */,
				816F94472B895B6E00F231E9 /* HeaderCallTaxiView.swift in Sources */,
				816F94432B894B5200F231E9 /* MainViewbutton.swift in Sources */,
				816F944B2B895E1D00F231E9 /* CallTaxiViewModel.swift in Sources */,
				8160A7AC2B87EC0300418E20 /* ContentView.swift in Sources */,
				8160A7AA2B87EC0300418E20 /* Taxi_ArifApp.swift in Sources */,
				8160A7D72B87FA1A00418E20 /* CallTaxiDetailView.swift in Sources */,
				8160A7DA2B87FC9E00418E20 /* PickerView.swift in Sources */,
				816F94452B894FAD00F231E9 /* ServiceRowView.swift in Sources */,
			);
			runOnlyForDeploymentPostprocessing = 0;
		};
		8160A7B22B87EC0500418E20 /* Sources */ = {
			isa = PBXSourcesBuildPhase;
			buildActionMask = 2147483647;
			files = (
				8160A7BB2B87EC0500418E20 /* Taxi_ArifTests.swift in Sources */,
			);
			runOnlyForDeploymentPostprocessing = 0;
		};
		8160A7BC2B87EC0500418E20 /* Sources */ = {
			isa = PBXSourcesBuildPhase;
			buildActionMask = 2147483647;
			files = (
				8160A7C72B87EC0500418E20 /* Taxi_ArifUITestsLaunchTests.swift in Sources */,
				8160A7C52B87EC0500418E20 /* Taxi_ArifUITests.swift in Sources */,
			);
			runOnlyForDeploymentPostprocessing = 0;
		};
/* End PBXSourcesBuildPhase section */

/* Begin PBXTargetDependency section */
		8160A7B82B87EC0500418E20 /* PBXTargetDependency */ = {
			isa = PBXTargetDependency;
			target = 8160A7A52B87EC0300418E20 /* Taxi Arif */;
			targetProxy = 8160A7B72B87EC0500418E20 /* PBXContainerItemProxy */;
		};
		8160A7C22B87EC0500418E20 /* PBXTargetDependency */ = {
			isa = PBXTargetDependency;
			target = 8160A7A52B87EC0300418E20 /* Taxi Arif */;
			targetProxy = 8160A7C12B87EC0500418E20 /* PBXContainerItemProxy */;
		};
/* End PBXTargetDependency section */

/* Begin XCBuildConfiguration section */
		8160A7C82B87EC0500418E20 /* Debug */ = {
			isa = XCBuildConfiguration;
			buildSettings = {
				ALWAYS_SEARCH_USER_PATHS = NO;
				ASSETCATALOG_COMPILER_GENERATE_SWIFT_ASSET_SYMBOL_EXTENSIONS = YES;
				CLANG_ANALYZER_NONNULL = YES;
				CLANG_ANALYZER_NUMBER_OBJECT_CONVERSION = YES_AGGRESSIVE;
				CLANG_CXX_LANGUAGE_STANDARD = "gnu++20";
				CLANG_ENABLE_MODULES = YES;
				CLANG_ENABLE_OBJC_ARC = YES;
				CLANG_ENABLE_OBJC_WEAK = YES;
				CLANG_WARN_BLOCK_CAPTURE_AUTORELEASING = YES;
				CLANG_WARN_BOOL_CONVERSION = YES;
				CLANG_WARN_COMMA = YES;
				CLANG_WARN_CONSTANT_CONVERSION = YES;
				CLANG_WARN_DEPRECATED_OBJC_IMPLEMENTATIONS = YES;
				CLANG_WARN_DIRECT_OBJC_ISA_USAGE = YES_ERROR;
				CLANG_WARN_DOCUMENTATION_COMMENTS = YES;
				CLANG_WARN_EMPTY_BODY = YES;
				CLANG_WARN_ENUM_CONVERSION = YES;
				CLANG_WARN_INFINITE_RECURSION = YES;
				CLANG_WARN_INT_CONVERSION = YES;
				CLANG_WARN_NON_LITERAL_NULL_CONVERSION = YES;
				CLANG_WARN_OBJC_IMPLICIT_RETAIN_SELF = YES;
				CLANG_WARN_OBJC_LITERAL_CONVERSION = YES;
				CLANG_WARN_OBJC_ROOT_CLASS = YES_ERROR;
				CLANG_WARN_QUOTED_INCLUDE_IN_FRAMEWORK_HEADER = YES;
				CLANG_WARN_RANGE_LOOP_ANALYSIS = YES;
				CLANG_WARN_STRICT_PROTOTYPES = YES;
				CLANG_WARN_SUSPICIOUS_MOVE = YES;
				CLANG_WARN_UNGUARDED_AVAILABILITY = YES_AGGRESSIVE;
				CLANG_WARN_UNREACHABLE_CODE = YES;
				CLANG_WARN__DUPLICATE_METHOD_MATCH = YES;
				COPY_PHASE_STRIP = NO;
				DEBUG_INFORMATION_FORMAT = dwarf;
				ENABLE_STRICT_OBJC_MSGSEND = YES;
				ENABLE_TESTABILITY = YES;
				ENABLE_USER_SCRIPT_SANDBOXING = YES;
				GCC_C_LANGUAGE_STANDARD = gnu17;
				GCC_DYNAMIC_NO_PIC = NO;
				GCC_NO_COMMON_BLOCKS = YES;
				GCC_OPTIMIZATION_LEVEL = 0;
				GCC_PREPROCESSOR_DEFINITIONS = (
					"DEBUG=1",
					"$(inherited)",
				);
				GCC_WARN_64_TO_32_BIT_CONVERSION = YES;
				GCC_WARN_ABOUT_RETURN_TYPE = YES_ERROR;
				GCC_WARN_UNDECLARED_SELECTOR = YES;
				GCC_WARN_UNINITIALIZED_AUTOS = YES_AGGRESSIVE;
				GCC_WARN_UNUSED_FUNCTION = YES;
				GCC_WARN_UNUSED_VARIABLE = YES;
				IPHONEOS_DEPLOYMENT_TARGET = 17.2;
				LOCALIZATION_PREFERS_STRING_CATALOGS = YES;
				MTL_ENABLE_DEBUG_INFO = INCLUDE_SOURCE;
				MTL_FAST_MATH = YES;
				ONLY_ACTIVE_ARCH = YES;
				SDKROOT = iphoneos;
				SWIFT_ACTIVE_COMPILATION_CONDITIONS = "DEBUG $(inherited)";
				SWIFT_OPTIMIZATION_LEVEL = "-Onone";
			};
			name = Debug;
		};
		8160A7C92B87EC0500418E20 /* Release */ = {
			isa = XCBuildConfiguration;
			buildSettings = {
				ALWAYS_SEARCH_USER_PATHS = NO;
				ASSETCATALOG_COMPILER_GENERATE_SWIFT_ASSET_SYMBOL_EXTENSIONS = YES;
				CLANG_ANALYZER_NONNULL = YES;
				CLANG_ANALYZER_NUMBER_OBJECT_CONVERSION = YES_AGGRESSIVE;
				CLANG_CXX_LANGUAGE_STANDARD = "gnu++20";
				CLANG_ENABLE_MODULES = YES;
				CLANG_ENABLE_OBJC_ARC = YES;
				CLANG_ENABLE_OBJC_WEAK = YES;
				CLANG_WARN_BLOCK_CAPTURE_AUTORELEASING = YES;
				CLANG_WARN_BOOL_CONVERSION = YES;
				CLANG_WARN_COMMA = YES;
				CLANG_WARN_CONSTANT_CONVERSION = YES;
				CLANG_WARN_DEPRECATED_OBJC_IMPLEMENTATIONS = YES;
				CLANG_WARN_DIRECT_OBJC_ISA_USAGE = YES_ERROR;
				CLANG_WARN_DOCUMENTATION_COMMENTS = YES;
				CLANG_WARN_EMPTY_BODY = YES;
				CLANG_WARN_ENUM_CONVERSION = YES;
				CLANG_WARN_INFINITE_RECURSION = YES;
				CLANG_WARN_INT_CONVERSION = YES;
				CLANG_WARN_NON_LITERAL_NULL_CONVERSION = YES;
				CLANG_WARN_OBJC_IMPLICIT_RETAIN_SELF = YES;
				CLANG_WARN_OBJC_LITERAL_CONVERSION = YES;
				CLANG_WARN_OBJC_ROOT_CLASS = YES_ERROR;
				CLANG_WARN_QUOTED_INCLUDE_IN_FRAMEWORK_HEADER = YES;
				CLANG_WARN_RANGE_LOOP_ANALYSIS = YES;
				CLANG_WARN_STRICT_PROTOTYPES = YES;
				CLANG_WARN_SUSPICIOUS_MOVE = YES;
				CLANG_WARN_UNGUARDED_AVAILABILITY = YES_AGGRESSIVE;
				CLANG_WARN_UNREACHABLE_CODE = YES;
				CLANG_WARN__DUPLICATE_METHOD_MATCH = YES;
				COPY_PHASE_STRIP = NO;
				DEBUG_INFORMATION_FORMAT = "dwarf-with-dsym";
				ENABLE_NS_ASSERTIONS = NO;
				ENABLE_STRICT_OBJC_MSGSEND = YES;
				ENABLE_USER_SCRIPT_SANDBOXING = YES;
				GCC_C_LANGUAGE_STANDARD = gnu17;
				GCC_NO_COMMON_BLOCKS = YES;
				GCC_WARN_64_TO_32_BIT_CONVERSION = YES;
				GCC_WARN_ABOUT_RETURN_TYPE = YES_ERROR;
				GCC_WARN_UNDECLARED_SELECTOR = YES;
				GCC_WARN_UNINITIALIZED_AUTOS = YES_AGGRESSIVE;
				GCC_WARN_UNUSED_FUNCTION = YES;
				GCC_WARN_UNUSED_VARIABLE = YES;
				IPHONEOS_DEPLOYMENT_TARGET = 17.2;
				LOCALIZATION_PREFERS_STRING_CATALOGS = YES;
				MTL_ENABLE_DEBUG_INFO = NO;
				MTL_FAST_MATH = YES;
				SDKROOT = iphoneos;
				SWIFT_COMPILATION_MODE = wholemodule;
				VALIDATE_PRODUCT = YES;
			};
			name = Release;
		};
		8160A7CB2B87EC0500418E20 /* Debug */ = {
			isa = XCBuildConfiguration;
			buildSettings = {
				ASSETCATALOG_COMPILER_APPICON_NAME = AppIcon;
				ASSETCATALOG_COMPILER_GLOBAL_ACCENT_COLOR_NAME = AccentColor;
				CODE_SIGN_STYLE = Automatic;
				CURRENT_PROJECT_VERSION = 1;
				DEVELOPMENT_ASSET_PATHS = "\"Taxi Arif/Preview Content\"";
				ENABLE_PREVIEWS = YES;
				GENERATE_INFOPLIST_FILE = YES;
				INFOPLIST_KEY_CFBundleDisplayName = "Taxi Arif";
				INFOPLIST_KEY_UIApplicationSceneManifest_Generation = YES;
				INFOPLIST_KEY_UIApplicationSupportsIndirectInputEvents = YES;
				INFOPLIST_KEY_UILaunchScreen_Generation = YES;
				INFOPLIST_KEY_UISupportedInterfaceOrientations_iPad = "UIInterfaceOrientationPortrait UIInterfaceOrientationPortraitUpsideDown UIInterfaceOrientationLandscapeLeft UIInterfaceOrientationLandscapeRight";
				INFOPLIST_KEY_UISupportedInterfaceOrientations_iPhone = "UIInterfaceOrientationPortrait UIInterfaceOrientationLandscapeLeft UIInterfaceOrientationLandscapeRight";
				LD_RUNPATH_SEARCH_PATHS = (
					"$(inherited)",
					"@executable_path/Frameworks",
				);
				MARKETING_VERSION = 1.0;
				PRODUCT_BUNDLE_IDENTIFIER = "Inventis-Group.Taxi-Arif";
				PRODUCT_NAME = "$(TARGET_NAME)";
				SWIFT_EMIT_LOC_STRINGS = YES;
				SWIFT_VERSION = 5.0;
				TARGETED_DEVICE_FAMILY = "1,2";
			};
			name = Debug;
		};
		8160A7CC2B87EC0500418E20 /* Release */ = {
			isa = XCBuildConfiguration;
			buildSettings = {
				ASSETCATALOG_COMPILER_APPICON_NAME = AppIcon;
				ASSETCATALOG_COMPILER_GLOBAL_ACCENT_COLOR_NAME = AccentColor;
				CODE_SIGN_STYLE = Automatic;
				CURRENT_PROJECT_VERSION = 1;
				DEVELOPMENT_ASSET_PATHS = "\"Taxi Arif/Preview Content\"";
				ENABLE_PREVIEWS = YES;
				GENERATE_INFOPLIST_FILE = YES;
				INFOPLIST_KEY_CFBundleDisplayName = "Taxi Arif";
				INFOPLIST_KEY_UIApplicationSceneManifest_Generation = YES;
				INFOPLIST_KEY_UIApplicationSupportsIndirectInputEvents = YES;
				INFOPLIST_KEY_UILaunchScreen_Generation = YES;
				INFOPLIST_KEY_UISupportedInterfaceOrientations_iPad = "UIInterfaceOrientationPortrait UIInterfaceOrientationPortraitUpsideDown UIInterfaceOrientationLandscapeLeft UIInterfaceOrientationLandscapeRight";
				INFOPLIST_KEY_UISupportedInterfaceOrientations_iPhone = "UIInterfaceOrientationPortrait UIInterfaceOrientationLandscapeLeft UIInterfaceOrientationLandscapeRight";
				LD_RUNPATH_SEARCH_PATHS = (
					"$(inherited)",
					"@executable_path/Frameworks",
				);
				MARKETING_VERSION = 1.0;
				PRODUCT_BUNDLE_IDENTIFIER = "Inventis-Group.Taxi-Arif";
				PRODUCT_NAME = "$(TARGET_NAME)";
				SWIFT_EMIT_LOC_STRINGS = YES;
				SWIFT_VERSION = 5.0;
				TARGETED_DEVICE_FAMILY = "1,2";
			};
			name = Release;
		};
		8160A7CE2B87EC0500418E20 /* Debug */ = {
			isa = XCBuildConfiguration;
			buildSettings = {
				ALWAYS_EMBED_SWIFT_STANDARD_LIBRARIES = YES;
				BUNDLE_LOADER = "$(TEST_HOST)";
				CODE_SIGN_STYLE = Automatic;
				CURRENT_PROJECT_VERSION = 1;
				GENERATE_INFOPLIST_FILE = YES;
				IPHONEOS_DEPLOYMENT_TARGET = 17.2;
				MARKETING_VERSION = 1.0;
				PRODUCT_BUNDLE_IDENTIFIER = "Inventis-Group.Taxi-ArifTests";
				PRODUCT_NAME = "$(TARGET_NAME)";
				SWIFT_EMIT_LOC_STRINGS = NO;
				SWIFT_VERSION = 5.0;
				TARGETED_DEVICE_FAMILY = "1,2";
				TEST_HOST = "$(BUILT_PRODUCTS_DIR)/Taxi Arif.app/$(BUNDLE_EXECUTABLE_FOLDER_PATH)/Taxi Arif";
			};
			name = Debug;
		};
		8160A7CF2B87EC0500418E20 /* Release */ = {
			isa = XCBuildConfiguration;
			buildSettings = {
				ALWAYS_EMBED_SWIFT_STANDARD_LIBRARIES = YES;
				BUNDLE_LOADER = "$(TEST_HOST)";
				CODE_SIGN_STYLE = Automatic;
				CURRENT_PROJECT_VERSION = 1;
				GENERATE_INFOPLIST_FILE = YES;
				IPHONEOS_DEPLOYMENT_TARGET = 17.2;
				MARKETING_VERSION = 1.0;
				PRODUCT_BUNDLE_IDENTIFIER = "Inventis-Group.Taxi-ArifTests";
				PRODUCT_NAME = "$(TARGET_NAME)";
				SWIFT_EMIT_LOC_STRINGS = NO;
				SWIFT_VERSION = 5.0;
				TARGETED_DEVICE_FAMILY = "1,2";
				TEST_HOST = "$(BUILT_PRODUCTS_DIR)/Taxi Arif.app/$(BUNDLE_EXECUTABLE_FOLDER_PATH)/Taxi Arif";
			};
			name = Release;
		};
		8160A7D12B87EC0500418E20 /* Debug */ = {
			isa = XCBuildConfiguration;
			buildSettings = {
				ALWAYS_EMBED_SWIFT_STANDARD_LIBRARIES = YES;
				CODE_SIGN_STYLE = Automatic;
				CURRENT_PROJECT_VERSION = 1;
				GENERATE_INFOPLIST_FILE = YES;
				MARKETING_VERSION = 1.0;
				PRODUCT_BUNDLE_IDENTIFIER = "Inventis-Group.Taxi-ArifUITests";
				PRODUCT_NAME = "$(TARGET_NAME)";
				SWIFT_EMIT_LOC_STRINGS = NO;
				SWIFT_VERSION = 5.0;
				TARGETED_DEVICE_FAMILY = "1,2";
				TEST_TARGET_NAME = "Taxi Arif";
			};
			name = Debug;
		};
		8160A7D22B87EC0500418E20 /* Release */ = {
			isa = XCBuildConfiguration;
			buildSettings = {
				ALWAYS_EMBED_SWIFT_STANDARD_LIBRARIES = YES;
				CODE_SIGN_STYLE = Automatic;
				CURRENT_PROJECT_VERSION = 1;
				GENERATE_INFOPLIST_FILE = YES;
				MARKETING_VERSION = 1.0;
				PRODUCT_BUNDLE_IDENTIFIER = "Inventis-Group.Taxi-ArifUITests";
				PRODUCT_NAME = "$(TARGET_NAME)";
				SWIFT_EMIT_LOC_STRINGS = NO;
				SWIFT_VERSION = 5.0;
				TARGETED_DEVICE_FAMILY = "1,2";
				TEST_TARGET_NAME = "Taxi Arif";
			};
			name = Release;
		};
/* End XCBuildConfiguration section */

/* Begin XCConfigurationList section */
		8160A7A12B87EC0300418E20 /* Build configuration list for PBXProject "Taxi Arif" */ = {
			isa = XCConfigurationList;
			buildConfigurations = (
				8160A7C82B87EC0500418E20 /* Debug */,
				8160A7C92B87EC0500418E20 /* Release */,
			);
			defaultConfigurationIsVisible = 0;
			defaultConfigurationName = Release;
		};
		8160A7CA2B87EC0500418E20 /* Build configuration list for PBXNativeTarget "Taxi Arif" */ = {
			isa = XCConfigurationList;
			buildConfigurations = (
				8160A7CB2B87EC0500418E20 /* Debug */,
				8160A7CC2B87EC0500418E20 /* Release */,
			);
			defaultConfigurationIsVisible = 0;
			defaultConfigurationName = Release;
		};
		8160A7CD2B87EC0500418E20 /* Build configuration list for PBXNativeTarget "Taxi ArifTests" */ = {
			isa = XCConfigurationList;
			buildConfigurations = (
				8160A7CE2B87EC0500418E20 /* Debug */,
				8160A7CF2B87EC0500418E20 /* Release */,
			);
			defaultConfigurationIsVisible = 0;
			defaultConfigurationName = Release;
		};
		8160A7D02B87EC0500418E20 /* Build configuration list for PBXNativeTarget "Taxi ArifUITests" */ = {
			isa = XCConfigurationList;
			buildConfigurations = (
				8160A7D12B87EC0500418E20 /* Debug */,
				8160A7D22B87EC0500418E20 /* Release */,
			);
			defaultConfigurationIsVisible = 0;
			defaultConfigurationName = Release;
		};
/* End XCConfigurationList section */
	};
	rootObject = 8160A79E2B87EC0300418E20 /* Project object */;
}
