// !$*UTF8*$!
{
	archiveVersion = 1;
	classes = {
	};
	objectVersion = 56;
	objects = {

/* Begin PBXBuildFile section */
		810353292B9DCD1000520EE0 /* FavoriteViewModel.swift in Sources */ = {isa = PBXBuildFile; fileRef = 810353282B9DCD1000520EE0 /* FavoriteViewModel.swift */; };
		8103532C2B9DD3A900520EE0 /* Trip.swift in Sources */ = {isa = PBXBuildFile; fileRef = 8103532B2B9DD3A900520EE0 /* Trip.swift */; };
		810353302B9F171700520EE0 /* OrdersView.swift in Sources */ = {isa = PBXBuildFile; fileRef = 8103532F2B9F171700520EE0 /* OrdersView.swift */; };
		810353382B9F209000520EE0 /* MainView.swift in Sources */ = {isa = PBXBuildFile; fileRef = 810353372B9F209000520EE0 /* MainView.swift */; };
		8103533A2B9F212F00520EE0 /* HistoryView.swift in Sources */ = {isa = PBXBuildFile; fileRef = 810353392B9F212F00520EE0 /* HistoryView.swift */; };
		8103533C2B9F229900520EE0 /* OrderViewModel.swift in Sources */ = {isa = PBXBuildFile; fileRef = 8103533B2B9F229900520EE0 /* OrderViewModel.swift */; };
		813447E22B8CB6B700B3D82D /* ChatView.swift in Sources */ = {isa = PBXBuildFile; fileRef = 813447E12B8CB6B700B3D82D /* ChatView.swift */; };
		813447E42B8CCCF400B3D82D /* TimePickerSheet.swift in Sources */ = {isa = PBXBuildFile; fileRef = 813447E32B8CCCF400B3D82D /* TimePickerSheet.swift */; };
		813447E62B8CDA4300B3D82D /* SplashView.swift in Sources */ = {isa = PBXBuildFile; fileRef = 813447E52B8CDA4300B3D82D /* SplashView.swift */; };
		813447E82B8CDE8C00B3D82D /* ViewRouter.swift in Sources */ = {isa = PBXBuildFile; fileRef = 813447E72B8CDE8C00B3D82D /* ViewRouter.swift */; };
		814A11612B99DA0200BF9F0A /* SettingsView.swift in Sources */ = {isa = PBXBuildFile; fileRef = 814A11602B99DA0200BF9F0A /* SettingsView.swift */; };
		814A11632B9DA82800BF9F0A /* FavoriteView.swift in Sources */ = {isa = PBXBuildFile; fileRef = 814A11622B9DA82800BF9F0A /* FavoriteView.swift */; };
		814A11662B9DAC0800BF9F0A /* FavoriteViewSheet.swift in Sources */ = {isa = PBXBuildFile; fileRef = 814A11652B9DAC0800BF9F0A /* FavoriteViewSheet.swift */; };
		8152B68B2BA9B19100B851D4 /* GoogleService-Info.plist in Resources */ = {isa = PBXBuildFile; fileRef = 8152B68A2BA9B19100B851D4 /* GoogleService-Info.plist */; };
		81545D902BA1B61900285011 /* AuthenticationView.swift in Sources */ = {isa = PBXBuildFile; fileRef = 81545D8F2BA1B61900285011 /* AuthenticationView.swift */; };
		81545D972BA1E7F200285011 /* ImagePicker.swift in Sources */ = {isa = PBXBuildFile; fileRef = 81545D962BA1E7F200285011 /* ImagePicker.swift */; };
		8160A7AA2B87EC0300418E20 /* Taxi_App.swift in Sources */ = {isa = PBXBuildFile; fileRef = 8160A7A92B87EC0300418E20 /* Taxi_App.swift */; };
		8160A7AC2B87EC0300418E20 /* ContentView.swift in Sources */ = {isa = PBXBuildFile; fileRef = 8160A7AB2B87EC0300418E20 /* ContentView.swift */; };
		8160A7AE2B87EC0500418E20 /* Assets.xcassets in Resources */ = {isa = PBXBuildFile; fileRef = 8160A7AD2B87EC0500418E20 /* Assets.xcassets */; };
		8160A7B12B87EC0500418E20 /* Preview Assets.xcassets in Resources */ = {isa = PBXBuildFile; fileRef = 8160A7B02B87EC0500418E20 /* Preview Assets.xcassets */; };
		8160A7BB2B87EC0500418E20 /* TaxiTests.swift in Sources */ = {isa = PBXBuildFile; fileRef = 8160A7BA2B87EC0500418E20 /* TaxiTests.swift */; };
		8160A7C52B87EC0500418E20 /* TaxiUITests.swift in Sources */ = {isa = PBXBuildFile; fileRef = 8160A7C42B87EC0500418E20 /* TaxiUITests.swift */; };
		8160A7C72B87EC0500418E20 /* TaxiUITestsLaunchTests.swift in Sources */ = {isa = PBXBuildFile; fileRef = 8160A7C62B87EC0500418E20 /* TaxiUITestsLaunchTests.swift */; };
		8160A7D52B87EC4600418E20 /* CallTaxiView.swift in Sources */ = {isa = PBXBuildFile; fileRef = 8160A7D42B87EC4600418E20 /* CallTaxiView.swift */; };
		8160A7D72B87FA1A00418E20 /* CallTaxiDetailSheetView.swift in Sources */ = {isa = PBXBuildFile; fileRef = 8160A7D62B87FA1A00418E20 /* CallTaxiDetailSheetView.swift */; };
		8160A7DA2B87FC9E00418E20 /* PickerView.swift in Sources */ = {isa = PBXBuildFile; fileRef = 8160A7D92B87FC9E00418E20 /* PickerView.swift */; };
		816D22FF2B8DEADB006EABDF /* MapView.swift in Sources */ = {isa = PBXBuildFile; fileRef = 816D22FE2B8DEADB006EABDF /* MapView.swift */; };
		816F94452B894FAD00F231E9 /* ServiceRowView.swift in Sources */ = {isa = PBXBuildFile; fileRef = 816F94442B894FAD00F231E9 /* ServiceRowView.swift */; };
		816F94472B895B6E00F231E9 /* HeaderCallTaxiView.swift in Sources */ = {isa = PBXBuildFile; fileRef = 816F94462B895B6E00F231E9 /* HeaderCallTaxiView.swift */; };
		816F94492B895BC600F231E9 /* SettingsCallTaxiView.swift in Sources */ = {isa = PBXBuildFile; fileRef = 816F94482B895BC600F231E9 /* SettingsCallTaxiView.swift */; };
		816F944B2B895E1D00F231E9 /* CallTaxiViewModel.swift in Sources */ = {isa = PBXBuildFile; fileRef = 816F944A2B895E1D00F231E9 /* CallTaxiViewModel.swift */; };
		8173CF712BADB77C00056B3D /* ApiKey.swift in Sources */ = {isa = PBXBuildFile; fileRef = 8173CF702BADB77C00056B3D /* ApiKey.swift */; };
		8183B9D42B908794003896C9 /* ChatRequest.swift in Sources */ = {isa = PBXBuildFile; fileRef = 8183B9D32B908794003896C9 /* ChatRequest.swift */; };
		8183B9D72B908959003896C9 /* ChatViewModel.swift in Sources */ = {isa = PBXBuildFile; fileRef = 8183B9D62B908959003896C9 /* ChatViewModel.swift */; };
		8183B9DA2B908987003896C9 /* ChatRepository.swift in Sources */ = {isa = PBXBuildFile; fileRef = 8183B9D92B908987003896C9 /* ChatRepository.swift */; };
		818E34ED2BA4608D0099280D /* UserOrCustomerView.swift in Sources */ = {isa = PBXBuildFile; fileRef = 818E34EC2BA4608D0099280D /* UserOrCustomerView.swift */; };
		818E34F12BA46EFD0099280D /* SettingsViewModel.swift in Sources */ = {isa = PBXBuildFile; fileRef = 818E34F02BA46EFD0099280D /* SettingsViewModel.swift */; };
		819128262BA32BC700AC1373 /* RegisterOrLogin.swift in Sources */ = {isa = PBXBuildFile; fileRef = 819128252BA32BC700AC1373 /* RegisterOrLogin.swift */; };
		8191282B2BA3450900AC1373 /* Order.swift in Sources */ = {isa = PBXBuildFile; fileRef = 8191282A2BA3450900AC1373 /* Order.swift */; };
		819C10B22BA0594D0066E79E /* LoginView.swift in Sources */ = {isa = PBXBuildFile; fileRef = 819C10B12BA0594D0066E79E /* LoginView.swift */; };
		819C10EF2BA07D100066E79E /* AuthenticationViewModel.swift in Sources */ = {isa = PBXBuildFile; fileRef = 819C10EE2BA07D100066E79E /* AuthenticationViewModel.swift */; };
		819C10F22BA07F860066E79E /* FirebaseAnalytics in Frameworks */ = {isa = PBXBuildFile; productRef = 819C10F12BA07F860066E79E /* FirebaseAnalytics */; };
		819C10F42BA07F930066E79E /* FirebaseAuth in Frameworks */ = {isa = PBXBuildFile; productRef = 819C10F32BA07F930066E79E /* FirebaseAuth */; };
		819C10F62BA07F980066E79E /* FirebaseDatabase in Frameworks */ = {isa = PBXBuildFile; productRef = 819C10F52BA07F980066E79E /* FirebaseDatabase */; };
		819C10F82BA07F9E0066E79E /* FirebaseFirestore in Frameworks */ = {isa = PBXBuildFile; productRef = 819C10F72BA07F9E0066E79E /* FirebaseFirestore */; };
		819C10FA2BA07FAB0066E79E /* FirebaseStorage in Frameworks */ = {isa = PBXBuildFile; productRef = 819C10F92BA07FAB0066E79E /* FirebaseStorage */; };
		819C10FD2BA080710066E79E /* FireBaseManager.swift in Sources */ = {isa = PBXBuildFile; fileRef = 819C10FC2BA080710066E79E /* FireBaseManager.swift */; };
		819C10FF2BA0822B0066E79E /* FirebaseAppCheck in Frameworks */ = {isa = PBXBuildFile; productRef = 819C10FE2BA0822B0066E79E /* FirebaseAppCheck */; };
		819C11012BA082340066E79E /* FirebaseDatabaseSwift in Frameworks */ = {isa = PBXBuildFile; productRef = 819C11002BA082340066E79E /* FirebaseDatabaseSwift */; };
		819C11032BA082400066E79E /* FirebaseInstallations in Frameworks */ = {isa = PBXBuildFile; productRef = 819C11022BA082400066E79E /* FirebaseInstallations */; };
		819C11052BA0824B0066E79E /* FirebaseFunctionsCombine-Community in Frameworks */ = {isa = PBXBuildFile; productRef = 819C11042BA0824B0066E79E /* FirebaseFunctionsCombine-Community */; };
		819C11072BA082C70066E79E /* FirebaseAnalyticsOnDeviceConversion in Frameworks */ = {isa = PBXBuildFile; productRef = 819C11062BA082C70066E79E /* FirebaseAnalyticsOnDeviceConversion */; };
		819C11092BA082C80066E79E /* FirebaseAnalyticsSwift in Frameworks */ = {isa = PBXBuildFile; productRef = 819C11082BA082C80066E79E /* FirebaseAnalyticsSwift */; };
		819C110B2BA082C80066E79E /* FirebaseAnalyticsWithoutAdIdSupport in Frameworks */ = {isa = PBXBuildFile; productRef = 819C110A2BA082C80066E79E /* FirebaseAnalyticsWithoutAdIdSupport */; };
		819C110D2BA082C80066E79E /* FirebaseAppDistribution-Beta in Frameworks */ = {isa = PBXBuildFile; productRef = 819C110C2BA082C80066E79E /* FirebaseAppDistribution-Beta */; };
		819C110F2BA082C80066E79E /* FirebaseAuthCombine-Community in Frameworks */ = {isa = PBXBuildFile; productRef = 819C110E2BA082C80066E79E /* FirebaseAuthCombine-Community */; };
		819C11112BA082C80066E79E /* FirebaseCrashlytics in Frameworks */ = {isa = PBXBuildFile; productRef = 819C11102BA082C80066E79E /* FirebaseCrashlytics */; };
		819C11132BA082C80066E79E /* FirebaseDynamicLinks in Frameworks */ = {isa = PBXBuildFile; productRef = 819C11122BA082C80066E79E /* FirebaseDynamicLinks */; };
		819C11152BA082C80066E79E /* FirebaseFirestoreCombine-Community in Frameworks */ = {isa = PBXBuildFile; productRef = 819C11142BA082C80066E79E /* FirebaseFirestoreCombine-Community */; };
		819C11172BA082C80066E79E /* FirebaseFirestoreSwift in Frameworks */ = {isa = PBXBuildFile; productRef = 819C11162BA082C80066E79E /* FirebaseFirestoreSwift */; };
		819C11192BA082C80066E79E /* FirebaseFunctions in Frameworks */ = {isa = PBXBuildFile; productRef = 819C11182BA082C80066E79E /* FirebaseFunctions */; };
		819C111B2BA082C80066E79E /* FirebaseInAppMessaging-Beta in Frameworks */ = {isa = PBXBuildFile; productRef = 819C111A2BA082C80066E79E /* FirebaseInAppMessaging-Beta */; };
		819C111D2BA082C80066E79E /* FirebaseInAppMessagingSwift-Beta in Frameworks */ = {isa = PBXBuildFile; productRef = 819C111C2BA082C80066E79E /* FirebaseInAppMessagingSwift-Beta */; };
		819C111F2BA082C80066E79E /* FirebaseMessaging in Frameworks */ = {isa = PBXBuildFile; productRef = 819C111E2BA082C80066E79E /* FirebaseMessaging */; };
		819C11212BA082C80066E79E /* FirebaseMLModelDownloader in Frameworks */ = {isa = PBXBuildFile; productRef = 819C11202BA082C80066E79E /* FirebaseMLModelDownloader */; };
		819C11232BA082C80066E79E /* FirebasePerformance in Frameworks */ = {isa = PBXBuildFile; productRef = 819C11222BA082C80066E79E /* FirebasePerformance */; };
		819C11252BA082C80066E79E /* FirebaseRemoteConfig in Frameworks */ = {isa = PBXBuildFile; productRef = 819C11242BA082C80066E79E /* FirebaseRemoteConfig */; };
		819C11272BA082C80066E79E /* FirebaseRemoteConfigSwift in Frameworks */ = {isa = PBXBuildFile; productRef = 819C11262BA082C80066E79E /* FirebaseRemoteConfigSwift */; };
		819C11292BA082C80066E79E /* FirebaseStorageCombine-Community in Frameworks */ = {isa = PBXBuildFile; productRef = 819C11282BA082C80066E79E /* FirebaseStorageCombine-Community */; };
		819C112C2BA084960066E79E /* FireUser.swift in Sources */ = {isa = PBXBuildFile; fileRef = 819C112B2BA084960066E79E /* FireUser.swift */; };
/* End PBXBuildFile section */

/* Begin PBXContainerItemProxy section */
		8160A7B72B87EC0500418E20 /* PBXContainerItemProxy */ = {
			isa = PBXContainerItemProxy;
			containerPortal = 8160A79E2B87EC0300418E20 /* Project object */;
			proxyType = 1;
			remoteGlobalIDString = 8160A7A52B87EC0300418E20;
			remoteInfo = "Taxi Arif";
		};
		8160A7C12B87EC0500418E20 /* PBXContainerItemProxy */ = {
			isa = PBXContainerItemProxy;
			containerPortal = 8160A79E2B87EC0300418E20 /* Project object */;
			proxyType = 1;
			remoteGlobalIDString = 8160A7A52B87EC0300418E20;
			remoteInfo = "Taxi Arif";
		};
/* End PBXContainerItemProxy section */

/* Begin PBXFileReference section */
		810353282B9DCD1000520EE0 /* FavoriteViewModel.swift */ = {isa = PBXFileReference; lastKnownFileType = sourcecode.swift; path = FavoriteViewModel.swift; sourceTree = "<group>"; };
		8103532B2B9DD3A900520EE0 /* Trip.swift */ = {isa = PBXFileReference; lastKnownFileType = sourcecode.swift; path = Trip.swift; sourceTree = "<group>"; };
		8103532F2B9F171700520EE0 /* OrdersView.swift */ = {isa = PBXFileReference; lastKnownFileType = sourcecode.swift; path = OrdersView.swift; sourceTree = "<group>"; };
		810353372B9F209000520EE0 /* MainView.swift */ = {isa = PBXFileReference; lastKnownFileType = sourcecode.swift; path = MainView.swift; sourceTree = "<group>"; };
		810353392B9F212F00520EE0 /* HistoryView.swift */ = {isa = PBXFileReference; lastKnownFileType = sourcecode.swift; path = HistoryView.swift; sourceTree = "<group>"; };
		8103533B2B9F229900520EE0 /* OrderViewModel.swift */ = {isa = PBXFileReference; lastKnownFileType = sourcecode.swift; path = OrderViewModel.swift; sourceTree = "<group>"; };
		813447E12B8CB6B700B3D82D /* ChatView.swift */ = {isa = PBXFileReference; lastKnownFileType = sourcecode.swift; path = ChatView.swift; sourceTree = "<group>"; };
		813447E32B8CCCF400B3D82D /* TimePickerSheet.swift */ = {isa = PBXFileReference; lastKnownFileType = sourcecode.swift; path = TimePickerSheet.swift; sourceTree = "<group>"; };
		813447E52B8CDA4300B3D82D /* SplashView.swift */ = {isa = PBXFileReference; lastKnownFileType = sourcecode.swift; path = SplashView.swift; sourceTree = "<group>"; };
		813447E72B8CDE8C00B3D82D /* ViewRouter.swift */ = {isa = PBXFileReference; lastKnownFileType = sourcecode.swift; path = ViewRouter.swift; sourceTree = "<group>"; };
		814A11602B99DA0200BF9F0A /* SettingsView.swift */ = {isa = PBXFileReference; lastKnownFileType = sourcecode.swift; path = SettingsView.swift; sourceTree = "<group>"; };
		814A11622B9DA82800BF9F0A /* FavoriteView.swift */ = {isa = PBXFileReference; lastKnownFileType = sourcecode.swift; path = FavoriteView.swift; sourceTree = "<group>"; };
		814A11652B9DAC0800BF9F0A /* FavoriteViewSheet.swift */ = {isa = PBXFileReference; lastKnownFileType = sourcecode.swift; path = FavoriteViewSheet.swift; sourceTree = "<group>"; };
		8152B68A2BA9B19100B851D4 /* GoogleService-Info.plist */ = {isa = PBXFileReference; fileEncoding = 4; lastKnownFileType = text.plist.xml; name = "GoogleService-Info.plist"; path = "../../../../Downloads/GoogleService-Info.plist"; sourceTree = "<group>"; };
		81545D8F2BA1B61900285011 /* AuthenticationView.swift */ = {isa = PBXFileReference; lastKnownFileType = sourcecode.swift; path = AuthenticationView.swift; sourceTree = "<group>"; };
		81545D962BA1E7F200285011 /* ImagePicker.swift */ = {isa = PBXFileReference; lastKnownFileType = sourcecode.swift; path = ImagePicker.swift; sourceTree = "<group>"; };
		8160A7A62B87EC0300418E20 /* Taxi.app */ = {isa = PBXFileReference; explicitFileType = wrapper.application; includeInIndex = 0; path = Taxi.app; sourceTree = BUILT_PRODUCTS_DIR; };
		8160A7A92B87EC0300418E20 /* Taxi_App.swift */ = {isa = PBXFileReference; lastKnownFileType = sourcecode.swift; path = Taxi_App.swift; sourceTree = "<group>"; };
		8160A7AB2B87EC0300418E20 /* ContentView.swift */ = {isa = PBXFileReference; lastKnownFileType = sourcecode.swift; path = ContentView.swift; sourceTree = "<group>"; };
		8160A7AD2B87EC0500418E20 /* Assets.xcassets */ = {isa = PBXFileReference; lastKnownFileType = folder.assetcatalog; path = Assets.xcassets; sourceTree = "<group>"; };
		8160A7B02B87EC0500418E20 /* Preview Assets.xcassets */ = {isa = PBXFileReference; lastKnownFileType = folder.assetcatalog; path = "Preview Assets.xcassets"; sourceTree = "<group>"; };
		8160A7B62B87EC0500418E20 /* TaxiTests.xctest */ = {isa = PBXFileReference; explicitFileType = wrapper.cfbundle; includeInIndex = 0; path = TaxiTests.xctest; sourceTree = BUILT_PRODUCTS_DIR; };
		8160A7BA2B87EC0500418E20 /* TaxiTests.swift */ = {isa = PBXFileReference; lastKnownFileType = sourcecode.swift; path = TaxiTests.swift; sourceTree = "<group>"; };
		8160A7C02B87EC0500418E20 /* TaxiUITests.xctest */ = {isa = PBXFileReference; explicitFileType = wrapper.cfbundle; includeInIndex = 0; path = TaxiUITests.xctest; sourceTree = BUILT_PRODUCTS_DIR; };
		8160A7C42B87EC0500418E20 /* TaxiUITests.swift */ = {isa = PBXFileReference; lastKnownFileType = sourcecode.swift; path = TaxiUITests.swift; sourceTree = "<group>"; };
		8160A7C62B87EC0500418E20 /* TaxiUITestsLaunchTests.swift */ = {isa = PBXFileReference; lastKnownFileType = sourcecode.swift; path = TaxiUITestsLaunchTests.swift; sourceTree = "<group>"; };
		8160A7D42B87EC4600418E20 /* CallTaxiView.swift */ = {isa = PBXFileReference; lastKnownFileType = sourcecode.swift; path = CallTaxiView.swift; sourceTree = "<group>"; };
		8160A7D62B87FA1A00418E20 /* CallTaxiDetailSheetView.swift */ = {isa = PBXFileReference; lastKnownFileType = sourcecode.swift; path = CallTaxiDetailSheetView.swift; sourceTree = "<group>"; };
		8160A7D92B87FC9E00418E20 /* PickerView.swift */ = {isa = PBXFileReference; lastKnownFileType = sourcecode.swift; path = PickerView.swift; sourceTree = "<group>"; };
		816D22FE2B8DEADB006EABDF /* MapView.swift */ = {isa = PBXFileReference; lastKnownFileType = sourcecode.swift; path = MapView.swift; sourceTree = "<group>"; };
		816F94442B894FAD00F231E9 /* ServiceRowView.swift */ = {isa = PBXFileReference; lastKnownFileType = sourcecode.swift; path = ServiceRowView.swift; sourceTree = "<group>"; };
		816F94462B895B6E00F231E9 /* HeaderCallTaxiView.swift */ = {isa = PBXFileReference; lastKnownFileType = sourcecode.swift; path = HeaderCallTaxiView.swift; sourceTree = "<group>"; };
		816F94482B895BC600F231E9 /* SettingsCallTaxiView.swift */ = {isa = PBXFileReference; lastKnownFileType = sourcecode.swift; path = SettingsCallTaxiView.swift; sourceTree = "<group>"; };
		816F944A2B895E1D00F231E9 /* CallTaxiViewModel.swift */ = {isa = PBXFileReference; lastKnownFileType = sourcecode.swift; path = CallTaxiViewModel.swift; sourceTree = "<group>"; };
		8173CF702BADB77C00056B3D /* ApiKey.swift */ = {isa = PBXFileReference; lastKnownFileType = sourcecode.swift; path = ApiKey.swift; sourceTree = "<group>"; };
		8183B9D32B908794003896C9 /* ChatRequest.swift */ = {isa = PBXFileReference; lastKnownFileType = sourcecode.swift; path = ChatRequest.swift; sourceTree = "<group>"; };
		8183B9D62B908959003896C9 /* ChatViewModel.swift */ = {isa = PBXFileReference; lastKnownFileType = sourcecode.swift; path = ChatViewModel.swift; sourceTree = "<group>"; };
		8183B9D92B908987003896C9 /* ChatRepository.swift */ = {isa = PBXFileReference; lastKnownFileType = sourcecode.swift; path = ChatRepository.swift; sourceTree = "<group>"; };
		818E34EC2BA4608D0099280D /* UserOrCustomerView.swift */ = {isa = PBXFileReference; lastKnownFileType = sourcecode.swift; path = UserOrCustomerView.swift; sourceTree = "<group>"; };
		818E34F02BA46EFD0099280D /* SettingsViewModel.swift */ = {isa = PBXFileReference; lastKnownFileType = sourcecode.swift; path = SettingsViewModel.swift; sourceTree = "<group>"; };
		819128252BA32BC700AC1373 /* RegisterOrLogin.swift */ = {isa = PBXFileReference; lastKnownFileType = sourcecode.swift; path = RegisterOrLogin.swift; sourceTree = "<group>"; };
		8191282A2BA3450900AC1373 /* Order.swift */ = {isa = PBXFileReference; lastKnownFileType = sourcecode.swift; path = Order.swift; sourceTree = "<group>"; };
		819C10B12BA0594D0066E79E /* LoginView.swift */ = {isa = PBXFileReference; lastKnownFileType = sourcecode.swift; path = LoginView.swift; sourceTree = "<group>"; };
		819C10EE2BA07D100066E79E /* AuthenticationViewModel.swift */ = {isa = PBXFileReference; lastKnownFileType = sourcecode.swift; path = AuthenticationViewModel.swift; sourceTree = "<group>"; };
		819C10FC2BA080710066E79E /* FireBaseManager.swift */ = {isa = PBXFileReference; lastKnownFileType = sourcecode.swift; path = FireBaseManager.swift; sourceTree = "<group>"; };
		819C112B2BA084960066E79E /* FireUser.swift */ = {isa = PBXFileReference; lastKnownFileType = sourcecode.swift; path = FireUser.swift; sourceTree = "<group>"; };
/* End PBXFileReference section */

/* Begin PBXFrameworksBuildPhase section */
		8160A7A32B87EC0300418E20 /* Frameworks */ = {
			isa = PBXFrameworksBuildPhase;
			buildActionMask = 2147483647;
			files = (
				819C11012BA082340066E79E /* FirebaseDatabaseSwift in Frameworks */,
				819C10F62BA07F980066E79E /* FirebaseDatabase in Frameworks */,
				819C11052BA0824B0066E79E /* FirebaseFunctionsCombine-Community in Frameworks */,
				819C110D2BA082C80066E79E /* FirebaseAppDistribution-Beta in Frameworks */,
				819C11092BA082C80066E79E /* FirebaseAnalyticsSwift in Frameworks */,
				819C110F2BA082C80066E79E /* FirebaseAuthCombine-Community in Frameworks */,
				819C10F82BA07F9E0066E79E /* FirebaseFirestore in Frameworks */,
				819C11032BA082400066E79E /* FirebaseInstallations in Frameworks */,
				819C10F22BA07F860066E79E /* FirebaseAnalytics in Frameworks */,
				819C11212BA082C80066E79E /* FirebaseMLModelDownloader in Frameworks */,
				819C110B2BA082C80066E79E /* FirebaseAnalyticsWithoutAdIdSupport in Frameworks */,
				819C11192BA082C80066E79E /* FirebaseFunctions in Frameworks */,
				819C10FA2BA07FAB0066E79E /* FirebaseStorage in Frameworks */,
				819C11152BA082C80066E79E /* FirebaseFirestoreCombine-Community in Frameworks */,
				819C11232BA082C80066E79E /* FirebasePerformance in Frameworks */,
				819C11132BA082C80066E79E /* FirebaseDynamicLinks in Frameworks */,
				819C11292BA082C80066E79E /* FirebaseStorageCombine-Community in Frameworks */,
				819C11072BA082C70066E79E /* FirebaseAnalyticsOnDeviceConversion in Frameworks */,
				819C11112BA082C80066E79E /* FirebaseCrashlytics in Frameworks */,
				819C111D2BA082C80066E79E /* FirebaseInAppMessagingSwift-Beta in Frameworks */,
				819C11252BA082C80066E79E /* FirebaseRemoteConfig in Frameworks */,
				819C10FF2BA0822B0066E79E /* FirebaseAppCheck in Frameworks */,
				819C10F42BA07F930066E79E /* FirebaseAuth in Frameworks */,
				819C11172BA082C80066E79E /* FirebaseFirestoreSwift in Frameworks */,
				819C111F2BA082C80066E79E /* FirebaseMessaging in Frameworks */,
				819C111B2BA082C80066E79E /* FirebaseInAppMessaging-Beta in Frameworks */,
				819C11272BA082C80066E79E /* FirebaseRemoteConfigSwift in Frameworks */,
			);
			runOnlyForDeploymentPostprocessing = 0;
		};
		8160A7B32B87EC0500418E20 /* Frameworks */ = {
			isa = PBXFrameworksBuildPhase;
			buildActionMask = 2147483647;
			files = (
			);
			runOnlyForDeploymentPostprocessing = 0;
		};
		8160A7BD2B87EC0500418E20 /* Frameworks */ = {
			isa = PBXFrameworksBuildPhase;
			buildActionMask = 2147483647;
			files = (
			);
			runOnlyForDeploymentPostprocessing = 0;
		};
/* End PBXFrameworksBuildPhase section */

/* Begin PBXGroup section */
		810353252B9DCCB400520EE0 /* Chat */ = {
			isa = PBXGroup;
			children = (
				8183B9D62B908959003896C9 /* ChatViewModel.swift */,
				813447E12B8CB6B700B3D82D /* ChatView.swift */,
			);
			path = Chat;
			sourceTree = "<group>";
		};
		810353262B9DCCCA00520EE0 /* ViewModel */ = {
			isa = PBXGroup;
			children = (
				816F944A2B895E1D00F231E9 /* CallTaxiViewModel.swift */,
			);
			path = ViewModel;
			sourceTree = "<group>";
		};
		810353272B9DCCF900520EE0 /* ViewModel */ = {
			isa = PBXGroup;
			children = (
				810353282B9DCD1000520EE0 /* FavoriteViewModel.swift */,
			);
			path = ViewModel;
			sourceTree = "<group>";
		};
		8103532A2B9DD39F00520EE0 /* Model */ = {
			isa = PBXGroup;
			children = (
				8103532B2B9DD3A900520EE0 /* Trip.swift */,
			);
			path = Model;
			sourceTree = "<group>";
		};
		8103532D2B9F152A00520EE0 /* CustomerViews */ = {
			isa = PBXGroup;
			children = (
				81545D952BA1E7DE00285011 /* Settings */,
				810353252B9DCCB400520EE0 /* Chat */,
				814A11642B9DABD800BF9F0A /* Favorite */,
				8160A7D32B87EC1F00418E20 /* Home */,
				8160A7AB2B87EC0300418E20 /* ContentView.swift */,
			);
			path = CustomerViews;
			sourceTree = "<group>";
		};
		8103532E2B9F16D500520EE0 /* EmployeeViews */ = {
			isa = PBXGroup;
			children = (
				818E34F22BA47D0F0099280D /* ViewModel */,
				8103532F2B9F171700520EE0 /* OrdersView.swift */,
				810353372B9F209000520EE0 /* MainView.swift */,
				810353392B9F212F00520EE0 /* HistoryView.swift */,
			);
			path = EmployeeViews;
			sourceTree = "<group>";
		};
		813447E02B8CAEF800B3D82D /* Components */ = {
			isa = PBXGroup;
			children = (
				816F94482B895BC600F231E9 /* SettingsCallTaxiView.swift */,
				816F94442B894FAD00F231E9 /* ServiceRowView.swift */,
				816F94462B895B6E00F231E9 /* HeaderCallTaxiView.swift */,
				813447E32B8CCCF400B3D82D /* TimePickerSheet.swift */,
				816D22FE2B8DEADB006EABDF /* MapView.swift */,
			);
			path = Components;
			sourceTree = "<group>";
		};
		813447EA2B8CE19C00B3D82D /* ViewRouter */ = {
			isa = PBXGroup;
			children = (
				813447E72B8CDE8C00B3D82D /* ViewRouter.swift */,
			);
			path = ViewRouter;
			sourceTree = "<group>";
		};
		814A11642B9DABD800BF9F0A /* Favorite */ = {
			isa = PBXGroup;
			children = (
				8103532A2B9DD39F00520EE0 /* Model */,
				810353272B9DCCF900520EE0 /* ViewModel */,
				814A11622B9DA82800BF9F0A /* FavoriteView.swift */,
				814A11652B9DAC0800BF9F0A /* FavoriteViewSheet.swift */,
			);
			path = Favorite;
			sourceTree = "<group>";
		};
		81545D952BA1E7DE00285011 /* Settings */ = {
			isa = PBXGroup;
			children = (
				814A11602B99DA0200BF9F0A /* SettingsView.swift */,
				81545D962BA1E7F200285011 /* ImagePicker.swift */,
				818E34F02BA46EFD0099280D /* SettingsViewModel.swift */,
			);
			path = Settings;
			sourceTree = "<group>";
		};
		8160A79D2B87EC0300418E20 = {
			isa = PBXGroup;
			children = (
				8160A7A82B87EC0300418E20 /* Taxi */,
				8160A7B92B87EC0500418E20 /* TaxiTests */,
				8160A7C32B87EC0500418E20 /* TaxiUITests */,
				8160A7A72B87EC0300418E20 /* Products */,
				819C10F02BA07F860066E79E /* Frameworks */,
			);
			sourceTree = "<group>";
		};
		8160A7A72B87EC0300418E20 /* Products */ = {
			isa = PBXGroup;
			children = (
				8160A7A62B87EC0300418E20 /* Taxi.app */,
				8160A7B62B87EC0500418E20 /* TaxiTests.xctest */,
				8160A7C02B87EC0500418E20 /* TaxiUITests.xctest */,
			);
			name = Products;
			sourceTree = "<group>";
		};
		8160A7A82B87EC0300418E20 /* Taxi */ = {
			isa = PBXGroup;
			children = (
				8173CF6F2BADB74900056B3D /* ApiKey */,
				8183B9CF2B90842F003896C9 /* Api */,
				8160A7D82B87FC6C00418E20 /* Utils */,
				8183B9DB2B9202CA003896C9 /* Views */,
				8160A7AD2B87EC0500418E20 /* Assets.xcassets */,
				8160A7AF2B87EC0500418E20 /* Preview Content */,
			);
			path = Taxi;
			sourceTree = "<group>";
		};
		8160A7AF2B87EC0500418E20 /* Preview Content */ = {
			isa = PBXGroup;
			children = (
				8160A7B02B87EC0500418E20 /* Preview Assets.xcassets */,
			);
			path = "Preview Content";
			sourceTree = "<group>";
		};
		8160A7B92B87EC0500418E20 /* TaxiTests */ = {
			isa = PBXGroup;
			children = (
				8160A7BA2B87EC0500418E20 /* TaxiTests.swift */,
			);
			path = TaxiTests;
			sourceTree = "<group>";
		};
		8160A7C32B87EC0500418E20 /* TaxiUITests */ = {
			isa = PBXGroup;
			children = (
				8160A7C42B87EC0500418E20 /* TaxiUITests.swift */,
				8160A7C62B87EC0500418E20 /* TaxiUITestsLaunchTests.swift */,
			);
			path = TaxiUITests;
			sourceTree = "<group>";
		};
		8160A7D32B87EC1F00418E20 /* Home */ = {
			isa = PBXGroup;
			children = (
				810353262B9DCCCA00520EE0 /* ViewModel */,
				813447E02B8CAEF800B3D82D /* Components */,
				8160A7D42B87EC4600418E20 /* CallTaxiView.swift */,
				8160A7D62B87FA1A00418E20 /* CallTaxiDetailSheetView.swift */,
			);
			path = Home;
			sourceTree = "<group>";
		};
		8160A7D82B87FC6C00418E20 /* Utils */ = {
			isa = PBXGroup;
			children = (
				8160A7D92B87FC9E00418E20 /* PickerView.swift */,
			);
			path = Utils;
			sourceTree = "<group>";
		};
		8173CF6F2BADB74900056B3D /* ApiKey */ = {
			isa = PBXGroup;
			children = (
				8173CF702BADB77C00056B3D /* ApiKey.swift */,
			);
			path = ApiKey;
			sourceTree = "<group>";
		};
		8183B9CF2B90842F003896C9 /* Api */ = {
			isa = PBXGroup;
			children = (
				8183B9D82B908979003896C9 /* Repository */,
				8183B9D22B908789003896C9 /* Model */,
			);
			path = Api;
			sourceTree = "<group>";
		};
		8183B9D22B908789003896C9 /* Model */ = {
			isa = PBXGroup;
			children = (
				8183B9D32B908794003896C9 /* ChatRequest.swift */,
			);
			path = Model;
			sourceTree = "<group>";
		};
		8183B9D82B908979003896C9 /* Repository */ = {
			isa = PBXGroup;
			children = (
				8183B9D92B908987003896C9 /* ChatRepository.swift */,
			);
			path = Repository;
			sourceTree = "<group>";
		};
		8183B9DB2B9202CA003896C9 /* Views */ = {
			isa = PBXGroup;
			children = (
				819C10B02BA0592D0066E79E /* Start */,
				8103532E2B9F16D500520EE0 /* EmployeeViews */,
				8103532D2B9F152A00520EE0 /* CustomerViews */,
				818E34EC2BA4608D0099280D /* UserOrCustomerView.swift */,
				8152B68A2BA9B19100B851D4 /* GoogleService-Info.plist */,
			);
			path = Views;
			sourceTree = "<group>";
		};
		818E34F22BA47D0F0099280D /* ViewModel */ = {
			isa = PBXGroup;
			children = (
				8103533B2B9F229900520EE0 /* OrderViewModel.swift */,
			);
			path = ViewModel;
			sourceTree = "<group>";
		};
		819128242BA32BAC00AC1373 /* RegisterOrLogin */ = {
			isa = PBXGroup;
			children = (
				819C10B12BA0594D0066E79E /* LoginView.swift */,
				81545D8F2BA1B61900285011 /* AuthenticationView.swift */,
				819128252BA32BC700AC1373 /* RegisterOrLogin.swift */,
			);
			path = RegisterOrLogin;
			sourceTree = "<group>";
		};
		819C10B02BA0592D0066E79E /* Start */ = {
			isa = PBXGroup;
			children = (
				819128242BA32BAC00AC1373 /* RegisterOrLogin */,
				813447EA2B8CE19C00B3D82D /* ViewRouter */,
				8160A7A92B87EC0300418E20 /* Taxi_App.swift */,
				819C10FB2BA0805B0066E79E /* FireBase */,
				813447E52B8CDA4300B3D82D /* SplashView.swift */,
			);
			path = Start;
			sourceTree = "<group>";
		};
		819C10ED2BA07D020066E79E /* ViewModel */ = {
			isa = PBXGroup;
			children = (
				819C10EE2BA07D100066E79E /* AuthenticationViewModel.swift */,
			);
			path = ViewModel;
			sourceTree = "<group>";
		};
		819C10F02BA07F860066E79E /* Frameworks */ = {
			isa = PBXGroup;
			children = (
			);
			name = Frameworks;
			sourceTree = "<group>";
		};
		819C10FB2BA0805B0066E79E /* FireBase */ = {
			isa = PBXGroup;
			children = (
				819C112A2BA084850066E79E /* Model */,
				819C10ED2BA07D020066E79E /* ViewModel */,
				819C10FC2BA080710066E79E /* FireBaseManager.swift */,
			);
			path = FireBase;
			sourceTree = "<group>";
		};
		819C112A2BA084850066E79E /* Model */ = {
			isa = PBXGroup;
			children = (
				819C112B2BA084960066E79E /* FireUser.swift */,
				8191282A2BA3450900AC1373 /* Order.swift */,
			);
			path = Model;
			sourceTree = "<group>";
		};
/* End PBXGroup section */

/* Begin PBXNativeTarget section */
		8160A7A52B87EC0300418E20 /* Taxi */ = {
			isa = PBXNativeTarget;
			buildConfigurationList = 8160A7CA2B87EC0500418E20 /* Build configuration list for PBXNativeTarget "Taxi" */;
			buildPhases = (
				8160A7A22B87EC0300418E20 /* Sources */,
				8160A7A32B87EC0300418E20 /* Frameworks */,
				8160A7A42B87EC0300418E20 /* Resources */,
			);
			buildRules = (
			);
			dependencies = (
			);
			name = Taxi;
			packageProductDependencies = (
				819C10F12BA07F860066E79E /* FirebaseAnalytics */,
				819C10F32BA07F930066E79E /* FirebaseAuth */,
				819C10F52BA07F980066E79E /* FirebaseDatabase */,
				819C10F72BA07F9E0066E79E /* FirebaseFirestore */,
				819C10F92BA07FAB0066E79E /* FirebaseStorage */,
				819C10FE2BA0822B0066E79E /* FirebaseAppCheck */,
				819C11002BA082340066E79E /* FirebaseDatabaseSwift */,
				819C11022BA082400066E79E /* FirebaseInstallations */,
				819C11042BA0824B0066E79E /* FirebaseFunctionsCombine-Community */,
				819C11062BA082C70066E79E /* FirebaseAnalyticsOnDeviceConversion */,
				819C11082BA082C80066E79E /* FirebaseAnalyticsSwift */,
				819C110A2BA082C80066E79E /* FirebaseAnalyticsWithoutAdIdSupport */,
				819C110C2BA082C80066E79E /* FirebaseAppDistribution-Beta */,
				819C110E2BA082C80066E79E /* FirebaseAuthCombine-Community */,
				819C11102BA082C80066E79E /* FirebaseCrashlytics */,
				819C11122BA082C80066E79E /* FirebaseDynamicLinks */,
				819C11142BA082C80066E79E /* FirebaseFirestoreCombine-Community */,
				819C11162BA082C80066E79E /* FirebaseFirestoreSwift */,
				819C11182BA082C80066E79E /* FirebaseFunctions */,
				819C111A2BA082C80066E79E /* FirebaseInAppMessaging-Beta */,
				819C111C2BA082C80066E79E /* FirebaseInAppMessagingSwift-Beta */,
				819C111E2BA082C80066E79E /* FirebaseMessaging */,
				819C11202BA082C80066E79E /* FirebaseMLModelDownloader */,
				819C11222BA082C80066E79E /* FirebasePerformance */,
				819C11242BA082C80066E79E /* FirebaseRemoteConfig */,
				819C11262BA082C80066E79E /* FirebaseRemoteConfigSwift */,
				819C11282BA082C80066E79E /* FirebaseStorageCombine-Community */,
			);
			productName = "Taxi Arif";
			productReference = 8160A7A62B87EC0300418E20 /* Taxi.app */;
			productType = "com.apple.product-type.application";
		};
		8160A7B52B87EC0500418E20 /* TaxiTests */ = {
			isa = PBXNativeTarget;
			buildConfigurationList = 8160A7CD2B87EC0500418E20 /* Build configuration list for PBXNativeTarget "TaxiTests" */;
			buildPhases = (
				8160A7B22B87EC0500418E20 /* Sources */,
				8160A7B32B87EC0500418E20 /* Frameworks */,
				8160A7B42B87EC0500418E20 /* Resources */,
			);
			buildRules = (
			);
			dependencies = (
				8160A7B82B87EC0500418E20 /* PBXTargetDependency */,
			);
			name = TaxiTests;
			productName = "Taxi ArifTests";
			productReference = 8160A7B62B87EC0500418E20 /* TaxiTests.xctest */;
			productType = "com.apple.product-type.bundle.unit-test";
		};
		8160A7BF2B87EC0500418E20 /* TaxiUITests */ = {
			isa = PBXNativeTarget;
			buildConfigurationList = 8160A7D02B87EC0500418E20 /* Build configuration list for PBXNativeTarget "TaxiUITests" */;
			buildPhases = (
				8160A7BC2B87EC0500418E20 /* Sources */,
				8160A7BD2B87EC0500418E20 /* Frameworks */,
				8160A7BE2B87EC0500418E20 /* Resources */,
			);
			buildRules = (
			);
			dependencies = (
				8160A7C22B87EC0500418E20 /* PBXTargetDependency */,
			);
			name = TaxiUITests;
			productName = "Taxi ArifUITests";
			productReference = 8160A7C02B87EC0500418E20 /* TaxiUITests.xctest */;
			productType = "com.apple.product-type.bundle.ui-testing";
		};
/* End PBXNativeTarget section */

/* Begin PBXProject section */
		8160A79E2B87EC0300418E20 /* Project object */ = {
			isa = PBXProject;
			attributes = {
				BuildIndependentTargetsInParallel = 1;
				LastSwiftUpdateCheck = 1520;
				LastUpgradeCheck = 1520;
				TargetAttributes = {
					8160A7A52B87EC0300418E20 = {
						CreatedOnToolsVersion = 15.2;
					};
					8160A7B52B87EC0500418E20 = {
						CreatedOnToolsVersion = 15.2;
						TestTargetID = 8160A7A52B87EC0300418E20;
					};
					8160A7BF2B87EC0500418E20 = {
						CreatedOnToolsVersion = 15.2;
						TestTargetID = 8160A7A52B87EC0300418E20;
					};
				};
			};
			buildConfigurationList = 8160A7A12B87EC0300418E20 /* Build configuration list for PBXProject "Taxi" */;
			compatibilityVersion = "Xcode 14.0";
			developmentRegion = en;
			hasScannedForEncodings = 0;
			knownRegions = (
				en,
				Base,
			);
			mainGroup = 8160A79D2B87EC0300418E20;
			packageReferences = (
				819C10B62BA07BB10066E79E /* XCRemoteSwiftPackageReference "firebase-ios-sdk" */,
			);
			productRefGroup = 8160A7A72B87EC0300418E20 /* Products */;
			projectDirPath = "";
			projectRoot = "";
			targets = (
				8160A7A52B87EC0300418E20 /* Taxi */,
				8160A7B52B87EC0500418E20 /* TaxiTests */,
				8160A7BF2B87EC0500418E20 /* TaxiUITests */,
			);
		};
/* End PBXProject section */

/* Begin PBXResourcesBuildPhase section */
		8160A7A42B87EC0300418E20 /* Resources */ = {
			isa = PBXResourcesBuildPhase;
			buildActionMask = 2147483647;
			files = (
				8160A7B12B87EC0500418E20 /* Preview Assets.xcassets in Resources */,
				8160A7AE2B87EC0500418E20 /* Assets.xcassets in Resources */,
				8152B68B2BA9B19100B851D4 /* GoogleService-Info.plist in Resources */,
			);
			runOnlyForDeploymentPostprocessing = 0;
		};
		8160A7B42B87EC0500418E20 /* Resources */ = {
			isa = PBXResourcesBuildPhase;
			buildActionMask = 2147483647;
			files = (
			);
			runOnlyForDeploymentPostprocessing = 0;
		};
		8160A7BE2B87EC0500418E20 /* Resources */ = {
			isa = PBXResourcesBuildPhase;
			buildActionMask = 2147483647;
			files = (
			);
			runOnlyForDeploymentPostprocessing = 0;
		};
/* End PBXResourcesBuildPhase section */

/* Begin PBXSourcesBuildPhase section */
		8160A7A22B87EC0300418E20 /* Sources */ = {
			isa = PBXSourcesBuildPhase;
			buildActionMask = 2147483647;
			files = (
				8103532C2B9DD3A900520EE0 /* Trip.swift in Sources */,
				810353382B9F209000520EE0 /* MainView.swift in Sources */,
				8160A7D52B87EC4600418E20 /* CallTaxiView.swift in Sources */,
				8173CF712BADB77C00056B3D /* ApiKey.swift in Sources */,
				8183B9DA2B908987003896C9 /* ChatRepository.swift in Sources */,
				816F94492B895BC600F231E9 /* SettingsCallTaxiView.swift in Sources */,
				814A11612B99DA0200BF9F0A /* SettingsView.swift in Sources */,
				816F94472B895B6E00F231E9 /* HeaderCallTaxiView.swift in Sources */,
				8103533A2B9F212F00520EE0 /* HistoryView.swift in Sources */,
				813447E82B8CDE8C00B3D82D /* ViewRouter.swift in Sources */,
				819C10EF2BA07D100066E79E /* AuthenticationViewModel.swift in Sources */,
				810353292B9DCD1000520EE0 /* FavoriteViewModel.swift in Sources */,
				818E34ED2BA4608D0099280D /* UserOrCustomerView.swift in Sources */,
				818E34F12BA46EFD0099280D /* SettingsViewModel.swift in Sources */,
				813447E22B8CB6B700B3D82D /* ChatView.swift in Sources */,
				8183B9D72B908959003896C9 /* ChatViewModel.swift in Sources */,
				81545D902BA1B61900285011 /* AuthenticationView.swift in Sources */,
				819C10FD2BA080710066E79E /* FireBaseManager.swift in Sources */,
				816F944B2B895E1D00F231E9 /* CallTaxiViewModel.swift in Sources */,
				813447E62B8CDA4300B3D82D /* SplashView.swift in Sources */,
				81545D972BA1E7F200285011 /* ImagePicker.swift in Sources */,
				816D22FF2B8DEADB006EABDF /* MapView.swift in Sources */,
				8160A7AC2B87EC0300418E20 /* ContentView.swift in Sources */,
				8160A7AA2B87EC0300418E20 /* Taxi_App.swift in Sources */,
				8183B9D42B908794003896C9 /* ChatRequest.swift in Sources */,
				8160A7D72B87FA1A00418E20 /* CallTaxiDetailSheetView.swift in Sources */,
				8160A7DA2B87FC9E00418E20 /* PickerView.swift in Sources */,
				813447E42B8CCCF400B3D82D /* TimePickerSheet.swift in Sources */,
				819C10B22BA0594D0066E79E /* LoginView.swift in Sources */,
				8191282B2BA3450900AC1373 /* Order.swift in Sources */,
				819C112C2BA084960066E79E /* FireUser.swift in Sources */,
				814A11632B9DA82800BF9F0A /* FavoriteView.swift in Sources */,
				814A11662B9DAC0800BF9F0A /* FavoriteViewSheet.swift in Sources */,
				8103533C2B9F229900520EE0 /* OrderViewModel.swift in Sources */,
				810353302B9F171700520EE0 /* OrdersView.swift in Sources */,
				816F94452B894FAD00F231E9 /* ServiceRowView.swift in Sources */,
				819128262BA32BC700AC1373 /* RegisterOrLogin.swift in Sources */,
			);
			runOnlyForDeploymentPostprocessing = 0;
		};
		8160A7B22B87EC0500418E20 /* Sources */ = {
			isa = PBXSourcesBuildPhase;
			buildActionMask = 2147483647;
			files = (
				8160A7BB2B87EC0500418E20 /* TaxiTests.swift in Sources */,
			);
			runOnlyForDeploymentPostprocessing = 0;
		};
		8160A7BC2B87EC0500418E20 /* Sources */ = {
			isa = PBXSourcesBuildPhase;
			buildActionMask = 2147483647;
			files = (
				8160A7C72B87EC0500418E20 /* TaxiUITestsLaunchTests.swift in Sources */,
				8160A7C52B87EC0500418E20 /* TaxiUITests.swift in Sources */,
			);
			runOnlyForDeploymentPostprocessing = 0;
		};
/* End PBXSourcesBuildPhase section */

/* Begin PBXTargetDependency section */
		8160A7B82B87EC0500418E20 /* PBXTargetDependency */ = {
			isa = PBXTargetDependency;
			target = 8160A7A52B87EC0300418E20 /* Taxi */;
			targetProxy = 8160A7B72B87EC0500418E20 /* PBXContainerItemProxy */;
		};
		8160A7C22B87EC0500418E20 /* PBXTargetDependency */ = {
			isa = PBXTargetDependency;
			target = 8160A7A52B87EC0300418E20 /* Taxi */;
			targetProxy = 8160A7C12B87EC0500418E20 /* PBXContainerItemProxy */;
		};
/* End PBXTargetDependency section */

/* Begin XCBuildConfiguration section */
		8160A7C82B87EC0500418E20 /* Debug */ = {
			isa = XCBuildConfiguration;
			buildSettings = {
				ALWAYS_SEARCH_USER_PATHS = NO;
				ASSETCATALOG_COMPILER_GENERATE_SWIFT_ASSET_SYMBOL_EXTENSIONS = YES;
				CLANG_ANALYZER_NONNULL = YES;
				CLANG_ANALYZER_NUMBER_OBJECT_CONVERSION = YES_AGGRESSIVE;
				CLANG_CXX_LANGUAGE_STANDARD = "gnu++20";
				CLANG_ENABLE_MODULES = YES;
				CLANG_ENABLE_OBJC_ARC = YES;
				CLANG_ENABLE_OBJC_WEAK = YES;
				CLANG_WARN_BLOCK_CAPTURE_AUTORELEASING = YES;
				CLANG_WARN_BOOL_CONVERSION = YES;
				CLANG_WARN_COMMA = YES;
				CLANG_WARN_CONSTANT_CONVERSION = YES;
				CLANG_WARN_DEPRECATED_OBJC_IMPLEMENTATIONS = YES;
				CLANG_WARN_DIRECT_OBJC_ISA_USAGE = YES_ERROR;
				CLANG_WARN_DOCUMENTATION_COMMENTS = YES;
				CLANG_WARN_EMPTY_BODY = YES;
				CLANG_WARN_ENUM_CONVERSION = YES;
				CLANG_WARN_INFINITE_RECURSION = YES;
				CLANG_WARN_INT_CONVERSION = YES;
				CLANG_WARN_NON_LITERAL_NULL_CONVERSION = YES;
				CLANG_WARN_OBJC_IMPLICIT_RETAIN_SELF = YES;
				CLANG_WARN_OBJC_LITERAL_CONVERSION = YES;
				CLANG_WARN_OBJC_ROOT_CLASS = YES_ERROR;
				CLANG_WARN_QUOTED_INCLUDE_IN_FRAMEWORK_HEADER = YES;
				CLANG_WARN_RANGE_LOOP_ANALYSIS = YES;
				CLANG_WARN_STRICT_PROTOTYPES = YES;
				CLANG_WARN_SUSPICIOUS_MOVE = YES;
				CLANG_WARN_UNGUARDED_AVAILABILITY = YES_AGGRESSIVE;
				CLANG_WARN_UNREACHABLE_CODE = YES;
				CLANG_WARN__DUPLICATE_METHOD_MATCH = YES;
				COPY_PHASE_STRIP = NO;
				DEBUG_INFORMATION_FORMAT = dwarf;
				ENABLE_STRICT_OBJC_MSGSEND = YES;
				ENABLE_TESTABILITY = YES;
				ENABLE_USER_SCRIPT_SANDBOXING = YES;
				GCC_C_LANGUAGE_STANDARD = gnu17;
				GCC_DYNAMIC_NO_PIC = NO;
				GCC_NO_COMMON_BLOCKS = YES;
				GCC_OPTIMIZATION_LEVEL = 0;
				GCC_PREPROCESSOR_DEFINITIONS = (
					"DEBUG=1",
					"$(inherited)",
				);
				GCC_WARN_64_TO_32_BIT_CONVERSION = YES;
				GCC_WARN_ABOUT_RETURN_TYPE = YES_ERROR;
				GCC_WARN_UNDECLARED_SELECTOR = YES;
				GCC_WARN_UNINITIALIZED_AUTOS = YES_AGGRESSIVE;
				GCC_WARN_UNUSED_FUNCTION = YES;
				GCC_WARN_UNUSED_VARIABLE = YES;
				IPHONEOS_DEPLOYMENT_TARGET = 17.2;
				LOCALIZATION_PREFERS_STRING_CATALOGS = YES;
				MTL_ENABLE_DEBUG_INFO = INCLUDE_SOURCE;
				MTL_FAST_MATH = YES;
				ONLY_ACTIVE_ARCH = YES;
				SDKROOT = iphoneos;
				SWIFT_ACTIVE_COMPILATION_CONDITIONS = "DEBUG $(inherited)";
				SWIFT_OPTIMIZATION_LEVEL = "-Onone";
			};
			name = Debug;
		};
		8160A7C92B87EC0500418E20 /* Release */ = {
			isa = XCBuildConfiguration;
			buildSettings = {
				ALWAYS_SEARCH_USER_PATHS = NO;
				ASSETCATALOG_COMPILER_GENERATE_SWIFT_ASSET_SYMBOL_EXTENSIONS = YES;
				CLANG_ANALYZER_NONNULL = YES;
				CLANG_ANALYZER_NUMBER_OBJECT_CONVERSION = YES_AGGRESSIVE;
				CLANG_CXX_LANGUAGE_STANDARD = "gnu++20";
				CLANG_ENABLE_MODULES = YES;
				CLANG_ENABLE_OBJC_ARC = YES;
				CLANG_ENABLE_OBJC_WEAK = YES;
				CLANG_WARN_BLOCK_CAPTURE_AUTORELEASING = YES;
				CLANG_WARN_BOOL_CONVERSION = YES;
				CLANG_WARN_COMMA = YES;
				CLANG_WARN_CONSTANT_CONVERSION = YES;
				CLANG_WARN_DEPRECATED_OBJC_IMPLEMENTATIONS = YES;
				CLANG_WARN_DIRECT_OBJC_ISA_USAGE = YES_ERROR;
				CLANG_WARN_DOCUMENTATION_COMMENTS = YES;
				CLANG_WARN_EMPTY_BODY = YES;
				CLANG_WARN_ENUM_CONVERSION = YES;
				CLANG_WARN_INFINITE_RECURSION = YES;
				CLANG_WARN_INT_CONVERSION = YES;
				CLANG_WARN_NON_LITERAL_NULL_CONVERSION = YES;
				CLANG_WARN_OBJC_IMPLICIT_RETAIN_SELF = YES;
				CLANG_WARN_OBJC_LITERAL_CONVERSION = YES;
				CLANG_WARN_OBJC_ROOT_CLASS = YES_ERROR;
				CLANG_WARN_QUOTED_INCLUDE_IN_FRAMEWORK_HEADER = YES;
				CLANG_WARN_RANGE_LOOP_ANALYSIS = YES;
				CLANG_WARN_STRICT_PROTOTYPES = YES;
				CLANG_WARN_SUSPICIOUS_MOVE = YES;
				CLANG_WARN_UNGUARDED_AVAILABILITY = YES_AGGRESSIVE;
				CLANG_WARN_UNREACHABLE_CODE = YES;
				CLANG_WARN__DUPLICATE_METHOD_MATCH = YES;
				COPY_PHASE_STRIP = NO;
				DEBUG_INFORMATION_FORMAT = "dwarf-with-dsym";
				ENABLE_NS_ASSERTIONS = NO;
				ENABLE_STRICT_OBJC_MSGSEND = YES;
				ENABLE_USER_SCRIPT_SANDBOXING = YES;
				GCC_C_LANGUAGE_STANDARD = gnu17;
				GCC_NO_COMMON_BLOCKS = YES;
				GCC_WARN_64_TO_32_BIT_CONVERSION = YES;
				GCC_WARN_ABOUT_RETURN_TYPE = YES_ERROR;
				GCC_WARN_UNDECLARED_SELECTOR = YES;
				GCC_WARN_UNINITIALIZED_AUTOS = YES_AGGRESSIVE;
				GCC_WARN_UNUSED_FUNCTION = YES;
				GCC_WARN_UNUSED_VARIABLE = YES;
				IPHONEOS_DEPLOYMENT_TARGET = 17.2;
				LOCALIZATION_PREFERS_STRING_CATALOGS = YES;
				MTL_ENABLE_DEBUG_INFO = NO;
				MTL_FAST_MATH = YES;
				SDKROOT = iphoneos;
				SWIFT_COMPILATION_MODE = wholemodule;
				VALIDATE_PRODUCT = YES;
			};
			name = Release;
		};
		8160A7CB2B87EC0500418E20 /* Debug */ = {
			isa = XCBuildConfiguration;
			buildSettings = {
				ASSETCATALOG_COMPILER_APPICON_NAME = AppIcon;
				ASSETCATALOG_COMPILER_GLOBAL_ACCENT_COLOR_NAME = AccentColor;
				CODE_SIGN_STYLE = Automatic;
				CURRENT_PROJECT_VERSION = 1;
				DEVELOPMENT_ASSET_PATHS = "\"Taxi/Preview Content\"";
				DEVELOPMENT_TEAM = LFNM38DQ8M;
				ENABLE_PREVIEWS = YES;
				GENERATE_INFOPLIST_FILE = YES;
				INFOPLIST_KEY_CFBundleDisplayName = "Taxi ";
				INFOPLIST_KEY_UIApplicationSceneManifest_Generation = YES;
				INFOPLIST_KEY_UIApplicationSupportsIndirectInputEvents = YES;
				INFOPLIST_KEY_UILaunchScreen_Generation = YES;
				INFOPLIST_KEY_UISupportedInterfaceOrientations_iPad = "UIInterfaceOrientationPortrait UIInterfaceOrientationPortraitUpsideDown UIInterfaceOrientationLandscapeLeft UIInterfaceOrientationLandscapeRight";
				INFOPLIST_KEY_UISupportedInterfaceOrientations_iPhone = "UIInterfaceOrientationPortrait UIInterfaceOrientationLandscapeLeft UIInterfaceOrientationLandscapeRight";
				LD_RUNPATH_SEARCH_PATHS = (
					"$(inherited)",
					"@executable_path/Frameworks",
				);
				MARKETING_VERSION = 1.0;
				PRODUCT_BUNDLE_IDENTIFIER = "com.InventisGroup.Taxi-Taxi-1";
				PRODUCT_NAME = "$(TARGET_NAME)";
				SWIFT_EMIT_LOC_STRINGS = YES;
				SWIFT_VERSION = 5.0;
				TARGETED_DEVICE_FAMILY = "1,2";
			};
			name = Debug;
		};
		8160A7CC2B87EC0500418E20 /* Release */ = {
			isa = XCBuildConfiguration;
			buildSettings = {
				ASSETCATALOG_COMPILER_APPICON_NAME = AppIcon;
				ASSETCATALOG_COMPILER_GLOBAL_ACCENT_COLOR_NAME = AccentColor;
				CODE_SIGN_STYLE = Automatic;
				CURRENT_PROJECT_VERSION = 1;
				DEVELOPMENT_ASSET_PATHS = "\"Taxi/Preview Content\"";
				DEVELOPMENT_TEAM = LFNM38DQ8M;
				ENABLE_PREVIEWS = YES;
				GENERATE_INFOPLIST_FILE = YES;
				INFOPLIST_KEY_CFBundleDisplayName = "Taxi ";
				INFOPLIST_KEY_UIApplicationSceneManifest_Generation = YES;
				INFOPLIST_KEY_UIApplicationSupportsIndirectInputEvents = YES;
				INFOPLIST_KEY_UILaunchScreen_Generation = YES;
				INFOPLIST_KEY_UISupportedInterfaceOrientations_iPad = "UIInterfaceOrientationPortrait UIInterfaceOrientationPortraitUpsideDown UIInterfaceOrientationLandscapeLeft UIInterfaceOrientationLandscapeRight";
				INFOPLIST_KEY_UISupportedInterfaceOrientations_iPhone = "UIInterfaceOrientationPortrait UIInterfaceOrientationLandscapeLeft UIInterfaceOrientationLandscapeRight";
				LD_RUNPATH_SEARCH_PATHS = (
					"$(inherited)",
					"@executable_path/Frameworks",
				);
				MARKETING_VERSION = 1.0;
				PRODUCT_BUNDLE_IDENTIFIER = "com.InventisGroup.Taxi-Taxi-1";
				PRODUCT_NAME = "$(TARGET_NAME)";
				SWIFT_EMIT_LOC_STRINGS = YES;
				SWIFT_VERSION = 5.0;
				TARGETED_DEVICE_FAMILY = "1,2";
			};
			name = Release;
		};
		8160A7CE2B87EC0500418E20 /* Debug */ = {
			isa = XCBuildConfiguration;
			buildSettings = {
				ALWAYS_EMBED_SWIFT_STANDARD_LIBRARIES = YES;
				BUNDLE_LOADER = "$(TEST_HOST)";
				CODE_SIGN_STYLE = Automatic;
				CURRENT_PROJECT_VERSION = 1;
				DEVELOPMENT_TEAM = LFNM38DQ8M;
				GENERATE_INFOPLIST_FILE = YES;
				IPHONEOS_DEPLOYMENT_TARGET = 17.2;
				MARKETING_VERSION = 1.0;
				PRODUCT_BUNDLE_IDENTIFIER = "Inventis-Group.Taxi-ArifTests";
				PRODUCT_NAME = "$(TARGET_NAME)";
				SWIFT_EMIT_LOC_STRINGS = NO;
				SWIFT_VERSION = 5.0;
				TARGETED_DEVICE_FAMILY = "1,2";
				TEST_HOST = "$(BUILT_PRODUCTS_DIR)/Taxi.app/$(BUNDLE_EXECUTABLE_FOLDER_PATH)/Taxi";
			};
			name = Debug;
		};
		8160A7CF2B87EC0500418E20 /* Release */ = {
			isa = XCBuildConfiguration;
			buildSettings = {
				ALWAYS_EMBED_SWIFT_STANDARD_LIBRARIES = YES;
				BUNDLE_LOADER = "$(TEST_HOST)";
				CODE_SIGN_STYLE = Automatic;
				CURRENT_PROJECT_VERSION = 1;
				DEVELOPMENT_TEAM = LFNM38DQ8M;
				GENERATE_INFOPLIST_FILE = YES;
				IPHONEOS_DEPLOYMENT_TARGET = 17.2;
				MARKETING_VERSION = 1.0;
				PRODUCT_BUNDLE_IDENTIFIER = "Inventis-Group.Taxi-ArifTests";
				PRODUCT_NAME = "$(TARGET_NAME)";
				SWIFT_EMIT_LOC_STRINGS = NO;
				SWIFT_VERSION = 5.0;
				TARGETED_DEVICE_FAMILY = "1,2";
				TEST_HOST = "$(BUILT_PRODUCTS_DIR)/Taxi.app/$(BUNDLE_EXECUTABLE_FOLDER_PATH)/Taxi";
			};
			name = Release;
		};
		8160A7D12B87EC0500418E20 /* Debug */ = {
			isa = XCBuildConfiguration;
			buildSettings = {
				ALWAYS_EMBED_SWIFT_STANDARD_LIBRARIES = YES;
				CODE_SIGN_STYLE = Automatic;
				CURRENT_PROJECT_VERSION = 1;
				DEVELOPMENT_TEAM = LFNM38DQ8M;
				GENERATE_INFOPLIST_FILE = YES;
				MARKETING_VERSION = 1.0;
				PRODUCT_BUNDLE_IDENTIFIER = "Inventis-Group.Taxi-ArifUITests";
				PRODUCT_NAME = "$(TARGET_NAME)";
				SWIFT_EMIT_LOC_STRINGS = NO;
				SWIFT_VERSION = 5.0;
				TARGETED_DEVICE_FAMILY = "1,2";
				TEST_TARGET_NAME = "Taxi Arif";
			};
			name = Debug;
		};
		8160A7D22B87EC0500418E20 /* Release */ = {
			isa = XCBuildConfiguration;
			buildSettings = {
				ALWAYS_EMBED_SWIFT_STANDARD_LIBRARIES = YES;
				CODE_SIGN_STYLE = Automatic;
				CURRENT_PROJECT_VERSION = 1;
				DEVELOPMENT_TEAM = LFNM38DQ8M;
				GENERATE_INFOPLIST_FILE = YES;
				MARKETING_VERSION = 1.0;
				PRODUCT_BUNDLE_IDENTIFIER = "Inventis-Group.Taxi-ArifUITests";
				PRODUCT_NAME = "$(TARGET_NAME)";
				SWIFT_EMIT_LOC_STRINGS = NO;
				SWIFT_VERSION = 5.0;
				TARGETED_DEVICE_FAMILY = "1,2";
				TEST_TARGET_NAME = "Taxi Arif";
			};
			name = Release;
		};
/* End XCBuildConfiguration section */

/* Begin XCConfigurationList section */
		8160A7A12B87EC0300418E20 /* Build configuration list for PBXProject "Taxi" */ = {
			isa = XCConfigurationList;
			buildConfigurations = (
				8160A7C82B87EC0500418E20 /* Debug */,
				8160A7C92B87EC0500418E20 /* Release */,
			);
			defaultConfigurationIsVisible = 0;
			defaultConfigurationName = Release;
		};
		8160A7CA2B87EC0500418E20 /* Build configuration list for PBXNativeTarget "Taxi" */ = {
			isa = XCConfigurationList;
			buildConfigurations = (
				8160A7CB2B87EC0500418E20 /* Debug */,
				8160A7CC2B87EC0500418E20 /* Release */,
			);
			defaultConfigurationIsVisible = 0;
			defaultConfigurationName = Release;
		};
		8160A7CD2B87EC0500418E20 /* Build configuration list for PBXNativeTarget "TaxiTests" */ = {
			isa = XCConfigurationList;
			buildConfigurations = (
				8160A7CE2B87EC0500418E20 /* Debug */,
				8160A7CF2B87EC0500418E20 /* Release */,
			);
			defaultConfigurationIsVisible = 0;
			defaultConfigurationName = Release;
		};
		8160A7D02B87EC0500418E20 /* Build configuration list for PBXNativeTarget "TaxiUITests" */ = {
			isa = XCConfigurationList;
			buildConfigurations = (
				8160A7D12B87EC0500418E20 /* Debug */,
				8160A7D22B87EC0500418E20 /* Release */,
			);
			defaultConfigurationIsVisible = 0;
			defaultConfigurationName = Release;
		};
/* End XCConfigurationList section */

/* Begin XCRemoteSwiftPackageReference section */
		819C10B62BA07BB10066E79E /* XCRemoteSwiftPackageReference "firebase-ios-sdk" */ = {
			isa = XCRemoteSwiftPackageReference;
			repositoryURL = "https://github.com/firebase/firebase-ios-sdk";
			requirement = {
				kind = upToNextMajorVersion;
				minimumVersion = 10.22.1;
			};
		};
/* End XCRemoteSwiftPackageReference section */

/* Begin XCSwiftPackageProductDependency section */
		819C10F12BA07F860066E79E /* FirebaseAnalytics */ = {
			isa = XCSwiftPackageProductDependency;
			package = 819C10B62BA07BB10066E79E /* XCRemoteSwiftPackageReference "firebase-ios-sdk" */;
			productName = FirebaseAnalytics;
		};
		819C10F32BA07F930066E79E /* FirebaseAuth */ = {
			isa = XCSwiftPackageProductDependency;
			package = 819C10B62BA07BB10066E79E /* XCRemoteSwiftPackageReference "firebase-ios-sdk" */;
			productName = FirebaseAuth;
		};
		819C10F52BA07F980066E79E /* FirebaseDatabase */ = {
			isa = XCSwiftPackageProductDependency;
			package = 819C10B62BA07BB10066E79E /* XCRemoteSwiftPackageReference "firebase-ios-sdk" */;
			productName = FirebaseDatabase;
		};
		819C10F72BA07F9E0066E79E /* FirebaseFirestore */ = {
			isa = XCSwiftPackageProductDependency;
			package = 819C10B62BA07BB10066E79E /* XCRemoteSwiftPackageReference "firebase-ios-sdk" */;
			productName = FirebaseFirestore;
		};
		819C10F92BA07FAB0066E79E /* FirebaseStorage */ = {
			isa = XCSwiftPackageProductDependency;
			package = 819C10B62BA07BB10066E79E /* XCRemoteSwiftPackageReference "firebase-ios-sdk" */;
			productName = FirebaseStorage;
		};
		819C10FE2BA0822B0066E79E /* FirebaseAppCheck */ = {
			isa = XCSwiftPackageProductDependency;
			package = 819C10B62BA07BB10066E79E /* XCRemoteSwiftPackageReference "firebase-ios-sdk" */;
			productName = FirebaseAppCheck;
		};
		819C11002BA082340066E79E /* FirebaseDatabaseSwift */ = {
			isa = XCSwiftPackageProductDependency;
			package = 819C10B62BA07BB10066E79E /* XCRemoteSwiftPackageReference "firebase-ios-sdk" */;
			productName = FirebaseDatabaseSwift;
		};
		819C11022BA082400066E79E /* FirebaseInstallations */ = {
			isa = XCSwiftPackageProductDependency;
			package = 819C10B62BA07BB10066E79E /* XCRemoteSwiftPackageReference "firebase-ios-sdk" */;
			productName = FirebaseInstallations;
		};
		819C11042BA0824B0066E79E /* FirebaseFunctionsCombine-Community */ = {
			isa = XCSwiftPackageProductDependency;
			package = 819C10B62BA07BB10066E79E /* XCRemoteSwiftPackageReference "firebase-ios-sdk" */;
			productName = "FirebaseFunctionsCombine-Community";
		};
		819C11062BA082C70066E79E /* FirebaseAnalyticsOnDeviceConversion */ = {
			isa = XCSwiftPackageProductDependency;
			package = 819C10B62BA07BB10066E79E /* XCRemoteSwiftPackageReference "firebase-ios-sdk" */;
			productName = FirebaseAnalyticsOnDeviceConversion;
		};
		819C11082BA082C80066E79E /* FirebaseAnalyticsSwift */ = {
			isa = XCSwiftPackageProductDependency;
			package = 819C10B62BA07BB10066E79E /* XCRemoteSwiftPackageReference "firebase-ios-sdk" */;
			productName = FirebaseAnalyticsSwift;
		};
		819C110A2BA082C80066E79E /* FirebaseAnalyticsWithoutAdIdSupport */ = {
			isa = XCSwiftPackageProductDependency;
			package = 819C10B62BA07BB10066E79E /* XCRemoteSwiftPackageReference "firebase-ios-sdk" */;
			productName = FirebaseAnalyticsWithoutAdIdSupport;
		};
		819C110C2BA082C80066E79E /* FirebaseAppDistribution-Beta */ = {
			isa = XCSwiftPackageProductDependency;
			package = 819C10B62BA07BB10066E79E /* XCRemoteSwiftPackageReference "firebase-ios-sdk" */;
			productName = "FirebaseAppDistribution-Beta";
		};
		819C110E2BA082C80066E79E /* FirebaseAuthCombine-Community */ = {
			isa = XCSwiftPackageProductDependency;
			package = 819C10B62BA07BB10066E79E /* XCRemoteSwiftPackageReference "firebase-ios-sdk" */;
			productName = "FirebaseAuthCombine-Community";
		};
		819C11102BA082C80066E79E /* FirebaseCrashlytics */ = {
			isa = XCSwiftPackageProductDependency;
			package = 819C10B62BA07BB10066E79E /* XCRemoteSwiftPackageReference "firebase-ios-sdk" */;
			productName = FirebaseCrashlytics;
		};
		819C11122BA082C80066E79E /* FirebaseDynamicLinks */ = {
			isa = XCSwiftPackageProductDependency;
			package = 819C10B62BA07BB10066E79E /* XCRemoteSwiftPackageReference "firebase-ios-sdk" */;
			productName = FirebaseDynamicLinks;
		};
		819C11142BA082C80066E79E /* FirebaseFirestoreCombine-Community */ = {
			isa = XCSwiftPackageProductDependency;
			package = 819C10B62BA07BB10066E79E /* XCRemoteSwiftPackageReference "firebase-ios-sdk" */;
			productName = "FirebaseFirestoreCombine-Community";
		};
		819C11162BA082C80066E79E /* FirebaseFirestoreSwift */ = {
			isa = XCSwiftPackageProductDependency;
			package = 819C10B62BA07BB10066E79E /* XCRemoteSwiftPackageReference "firebase-ios-sdk" */;
			productName = FirebaseFirestoreSwift;
		};
		819C11182BA082C80066E79E /* FirebaseFunctions */ = {
			isa = XCSwiftPackageProductDependency;
			package = 819C10B62BA07BB10066E79E /* XCRemoteSwiftPackageReference "firebase-ios-sdk" */;
			productName = FirebaseFunctions;
		};
		819C111A2BA082C80066E79E /* FirebaseInAppMessaging-Beta */ = {
			isa = XCSwiftPackageProductDependency;
			package = 819C10B62BA07BB10066E79E /* XCRemoteSwiftPackageReference "firebase-ios-sdk" */;
			productName = "FirebaseInAppMessaging-Beta";
		};
		819C111C2BA082C80066E79E /* FirebaseInAppMessagingSwift-Beta */ = {
			isa = XCSwiftPackageProductDependency;
			package = 819C10B62BA07BB10066E79E /* XCRemoteSwiftPackageReference "firebase-ios-sdk" */;
			productName = "FirebaseInAppMessagingSwift-Beta";
		};
		819C111E2BA082C80066E79E /* FirebaseMessaging */ = {
			isa = XCSwiftPackageProductDependency;
			package = 819C10B62BA07BB10066E79E /* XCRemoteSwiftPackageReference "firebase-ios-sdk" */;
			productName = FirebaseMessaging;
		};
		819C11202BA082C80066E79E /* FirebaseMLModelDownloader */ = {
			isa = XCSwiftPackageProductDependency;
			package = 819C10B62BA07BB10066E79E /* XCRemoteSwiftPackageReference "firebase-ios-sdk" */;
			productName = FirebaseMLModelDownloader;
		};
		819C11222BA082C80066E79E /* FirebasePerformance */ = {
			isa = XCSwiftPackageProductDependency;
			package = 819C10B62BA07BB10066E79E /* XCRemoteSwiftPackageReference "firebase-ios-sdk" */;
			productName = FirebasePerformance;
		};
		819C11242BA082C80066E79E /* FirebaseRemoteConfig */ = {
			isa = XCSwiftPackageProductDependency;
			package = 819C10B62BA07BB10066E79E /* XCRemoteSwiftPackageReference "firebase-ios-sdk" */;
			productName = FirebaseRemoteConfig;
		};
		819C11262BA082C80066E79E /* FirebaseRemoteConfigSwift */ = {
			isa = XCSwiftPackageProductDependency;
			package = 819C10B62BA07BB10066E79E /* XCRemoteSwiftPackageReference "firebase-ios-sdk" */;
			productName = FirebaseRemoteConfigSwift;
		};
		819C11282BA082C80066E79E /* FirebaseStorageCombine-Community */ = {
			isa = XCSwiftPackageProductDependency;
			package = 819C10B62BA07BB10066E79E /* XCRemoteSwiftPackageReference "firebase-ios-sdk" */;
			productName = "FirebaseStorageCombine-Community";
		};
/* End XCSwiftPackageProductDependency section */
	};
	rootObject = 8160A79E2B87EC0300418E20 /* Project object */;
}
